{
  "version": 1,
  "dependencies": {
    "net8.0": {
      "coverlet.collector": {
        "type": "Direct",
        "requested": "[6.0.2, )",
        "resolved": "6.0.2",
        "contentHash": "bJShQ6uWRTQ100ZeyiMqcFlhP7WJ+bCuabUs885dJiBEzMsJMSFr7BOyeCw4rgvQokteGi5rKQTlkhfQPUXg2A=="
      },
      "FluentAssertions": {
        "type": "Direct",
        "requested": "[6.12.0, )",
        "resolved": "6.12.0",
        "contentHash": "ZXhHT2YwP9lajrwSKbLlFqsmCCvFJMoRSK9t7sImfnCyd0OB3MhgxdoMcVqxbq1iyxD6mD2fiackWmBb7ayiXQ==",
        "dependencies": {
          "System.Configuration.ConfigurationManager": "4.4.0"
        }
      },
      "Microsoft.NET.Test.Sdk": {
        "type": "Direct",
        "requested": "[17.10.0, )",
        "resolved": "17.10.0",
        "contentHash": "0/2HeACkaHEYU3wc83YlcD2Fi4LMtECJjqrtvw0lPi9DCEa35zSPt1j4fuvM8NagjDqJuh1Ja35WcRtn1Um6/A==",
        "dependencies": {
          "Microsoft.CodeCoverage": "17.10.0",
          "Microsoft.TestPlatform.TestHost": "17.10.0"
        }
      },
      "Nerdbank.GitVersioning": {
        "type": "Direct",
        "requested": "[3.6.139, )",
        "resolved": "3.6.139",
        "contentHash": "rq0Ub/Jik7PtMtZtLn0tHuJ01Yt36RQ+eeBe+S7qnJ/EFOX6D4T9zuYD3vQPYKGI6Ro4t2iWgFm3fGDgjBrMfg=="
      },
      "NUnit": {
        "type": "Direct",
        "requested": "[4.1.0, )",
        "resolved": "4.1.0",
        "contentHash": "MT/DpAhjtiytzhTgTqIhBuWx4y26PKfDepYUHUM+5uv4TsryHC2jwFo5e6NhWkApCm/G6kZ80dRjdJFuAxq3rg=="
      },
      "NUnit.Analyzers": {
        "type": "Direct",
        "requested": "[4.2.0, )",
        "resolved": "4.2.0",
        "contentHash": "4fJojPkzdoa4nB2+p6U+fITvPnVvwWSnsmiJ/Dl30xqiL3oxNbYvfeSLVd91hOmEjoUqSwN3Z7j1aFedjqWbUA=="
      },
      "NUnit3TestAdapter": {
        "type": "Direct",
        "requested": "[4.6.0, )",
        "resolved": "4.6.0",
        "contentHash": "R7e1+a4vuV/YS+ItfL7f//rG+JBvVeVLX4mHzFEZo4W1qEKl8Zz27AqvQSAqo+BtIzUCo4aAJMYa56VXS4hudw=="
      },
      "FluentResults": {
        "type": "Transitive",
        "resolved": "3.16.0",
        "contentHash": "VWacGzOyN9k7LOKqiNLnFvqTDLbFvepHlINdM3pPTD0YWI+a+VW/Q9gcx4gmJDpDZ32cAsczz5vmRjLCL5UOhA==",
        "dependencies": {
          "Microsoft.Extensions.Logging.Abstractions": "2.1.1",
          "System.Threading.Tasks.Extensions": "4.5.4"
        }
      },
      "JetBrains.Annotations": {
        "type": "Transitive",
        "resolved": "2024.2.0",
        "contentHash": "GNnqCFW/163p1fOehKx0CnAqjmpPrUSqrgfHM6qca+P+RN39C9rhlfZHQpJhxmQG/dkOYe/b3Z0P8b6Kv5m1qw=="
      },
      "Microsoft.CodeCoverage": {
        "type": "Transitive",
        "resolved": "17.10.0",
        "contentHash": "yC7oSlnR54XO5kOuHlVOKtxomNNN1BWXX8lK1G2jaPXT9sUok7kCOoA4Pgs0qyFaCtMrNsprztYMeoEGqCm4uA=="
      },
      "Microsoft.Extensions.Logging.Abstractions": {
        "type": "Transitive",
        "resolved": "2.1.1",
        "contentHash": "XRzK7ZF+O6FzdfWrlFTi1Rgj2080ZDsd46vzOjadHUB0Cz5kOvDG8vI7caa5YFrsHQpcfn0DxtjS4E46N4FZsA=="
      },
      "Microsoft.TestPlatform.ObjectModel": {
        "type": "Transitive",
        "resolved": "17.10.0",
        "contentHash": "KkwhjQevuDj0aBRoPLY6OLAhGqbPUEBuKLbaCs0kUVw29qiOYncdORd4mLVJbn9vGZ7/iFGQ/+AoJl0Tu5Umdg==",
        "dependencies": {
          "System.Reflection.Metadata": "1.6.0"
        }
      },
      "Microsoft.TestPlatform.TestHost": {
        "type": "Transitive",
        "resolved": "17.10.0",
        "contentHash": "LWpMdfqhHvcUkeMCvNYJO8QlPLlYz9XPPb+ZbaXIKhdmjAV0wqTSrTiW5FLaf7RRZT50AQADDOYMOe0HxDxNgA==",
        "dependencies": {
          "Microsoft.TestPlatform.ObjectModel": "17.10.0",
          "Newtonsoft.Json": "13.0.1"
        }
      },
      "Newtonsoft.Json": {
        "type": "Transitive",
        "resolved": "13.0.1",
        "contentHash": "ppPFpBcvxdsfUonNcvITKqLl3bqxWbDCZIzDWHzjpdAHRFfZe0Dw9HmA0+za13IdyrgJwpkDTDA9fHaxOrt20A=="
      },
      "System.Configuration.ConfigurationManager": {
        "type": "Transitive",
        "resolved": "4.4.0",
        "contentHash": "gWwQv/Ug1qWJmHCmN17nAbxJYmQBM/E94QxKLksvUiiKB1Ld3Sc/eK1lgmbSjDFxkQhVuayI/cGFZhpBSodLrg==",
        "dependencies": {
          "System.Security.Cryptography.ProtectedData": "4.4.0"
        }
      },
      "System.Reflection.Metadata": {
        "type": "Transitive",
        "resolved": "1.6.0",
        "contentHash": "COC1aiAJjCoA5GBF+QKL2uLqEBew4JsCkQmoHKbN3TlOZKa2fKLz5CpiRQKDz0RsAOEGsVKqOD5bomsXq/4STQ=="
      },
      "System.Security.Cryptography.ProtectedData": {
        "type": "Transitive",
        "resolved": "4.4.0",
        "contentHash": "cJV7ScGW7EhatRsjehfvvYVBvtiSMKgN8bOVI0bQhnF5bU7vnHVIsH49Kva7i7GWaWYvmEzkYVk1TC+gZYBEog=="
      },
      "System.Threading.Tasks.Extensions": {
        "type": "Transitive",
        "resolved": "4.5.4",
        "contentHash": "zteT+G8xuGu6mS+mzDzYXbzS7rd3K6Fjb9RiZlYlJPam2/hU7JCBZBVEcywNuR+oZ1ncTvc/cq0faRr3P01OVg=="
      },
      "taustellwerk.base": {
        "type": "Project",
        "dependencies": {
          "FluentResults": "[3.16.0, )",
          "JetBrains.Annotations": "[2024.2.0, )",
          "TauStellwerk.Util": "[1.0.0, )"
        }
      },
      "taustellwerk.util": {
        "type": "Project",
        "dependencies": {
          "JetBrains.Annotations": "[2024.2.0, )"
        }
      }
    }
  }
}