
Microsoft Visual Studio Solution File, Format Version 12.00
# Visual Studio Version 16
VisualStudioVersion = 16.0.29920.165
MinimumVisualStudioVersion = 10.0.40219.1
Project("{9A19103F-16F7-4668-BE54-9A1E7A4F7556}") = "PiStellwerk", "src\PiStellwerk\PiStellwerk.csproj", "{EB376DEF-DF3E-4313-BC14-26D99A66B53F}"
EndProject
Project("{2150E333-8FDC-42A3-9474-1A3956D46DE8}") = "Solution Items", "Solution Items", "{471EDB6C-5E63-4688-94B9-628F6A573083}"
	ProjectSection(SolutionItems) = preProject
		.editorconfig = .editorconfig
		customRules.ruleset = customRules.ruleset
		StyleCop.json = StyleCop.json
	EndProjectSection
EndProject
Project("{9A19103F-16F7-4668-BE54-9A1E7A4F7556}") = "PiStellwerk.Data", "src\PiStellwerk.Data\PiStellwerk.Data.csproj", "{E0C57B46-6109-499C-A192-7B381117CE1F}"
EndProject
Project("{9A19103F-16F7-4668-BE54-9A1E7A4F7556}") = "HardwareInfo", "src\HarwareStats\HardwareInfo.csproj", "{8424C18B-EB31-4ABB-99E3-A3E955FFF07F}"
EndProject
Project("{2150E333-8FDC-42A3-9474-1A3956D46DE8}") = "Tools", "Tools", "{B5DA29DA-A821-4C48-8DC2-78DBE5BD0313}"
EndProject
Project("{9A19103F-16F7-4668-BE54-9A1E7A4F7556}") = "PiStellwerkLoadGenerator", "src\PiStellwerkLoadGenerator\PiStellwerkLoadGenerator.csproj", "{3D0B789F-38DF-4FCC-B289-B9B83F99BF1D}"
EndProject
Project("{9A19103F-16F7-4668-BE54-9A1E7A4F7556}") = "PiStellwerk.Util", "src\PiStellwerk.Util\PiStellwerk.Util.csproj", "{7EF9E786-6E11-44D4-9F60-524AEA0A8130}"
EndProject
Project("{9A19103F-16F7-4668-BE54-9A1E7A4F7556}") = "PiStellwerk.Util.Tests", "test\PiStellwerk.Util.Tests\PiStellwerk.Util.Tests.csproj", "{CDD2E8AD-F57C-4768-9812-0880BABF9437}"
EndProject
Project("{2150E333-8FDC-42A3-9474-1A3956D46DE8}") = "Tests", "Tests", "{DEFECBB3-F873-4F04-99AB-842997EF9A42}"
EndProject
Project("{9A19103F-16F7-4668-BE54-9A1E7A4F7556}") = "PiStellwerk.Data.Test", "test\PiStellwerk.Data.Test\PiStellwerk.Data.Test.csproj", "{E19E29F2-B8E2-4E31-B1CE-0B3C20B50CBC}"
EndProject
Project("{9A19103F-16F7-4668-BE54-9A1E7A4F7556}") = "PiStellwerk.Test", "test\PiStellwerk.Test\PiStellwerk.Test.csproj", "{1DE047AA-DA33-4BA0-9933-745CC9DF935A}"
EndProject
Project("{9A19103F-16F7-4668-BE54-9A1E7A4F7556}") = "PiStellwerk.Images", "src\PiStellwerk.Images\PiStellwerk.Images.csproj", "{12881C61-4C37-47FF-84A2-BB8D54639FC5}"
EndProject
Project("{9A19103F-16F7-4668-BE54-9A1E7A4F7556}") = "PiStellwerk.Images.Tests", "test\PiStellwerk.Images.Tests\PiStellwerk.Images.Tests.csproj", "{7C21B849-D8D4-41FA-8936-B2DDF191CBE6}"
EndProject
Project("{FAE04EC0-301F-11D3-BF4B-00C04F79EFBC}") = "PiStellwerk.Database", "src\PiStellwerk.Database\PiStellwerk.Database.csproj", "{B7ACE533-5ACF-4DFC-AA33-3C04656628C0}"
EndProject
Project("{FAE04EC0-301F-11D3-BF4B-00C04F79EFBC}") = "PiStellwerk.Database.Tests", "test\PiStellwerk.Database.Tests\PiStellwerk.Database.Tests.csproj", "{519E6D46-4FA8-4653-9A89-C89812CA4EA4}"
EndProject
Global
	GlobalSection(SolutionConfigurationPlatforms) = preSolution
		Debug|Any CPU = Debug|Any CPU
		Release|Any CPU = Release|Any CPU
	EndGlobalSection
	GlobalSection(ProjectConfigurationPlatforms) = postSolution
		{EB376DEF-DF3E-4313-BC14-26D99A66B53F}.Debug|Any CPU.ActiveCfg = Debug|Any CPU
		{EB376DEF-DF3E-4313-BC14-26D99A66B53F}.Debug|Any CPU.Build.0 = Debug|Any CPU
		{EB376DEF-DF3E-4313-BC14-26D99A66B53F}.Release|Any CPU.ActiveCfg = Release|Any CPU
		{EB376DEF-DF3E-4313-BC14-26D99A66B53F}.Release|Any CPU.Build.0 = Release|Any CPU
		{E0C57B46-6109-499C-A192-7B381117CE1F}.Debug|Any CPU.ActiveCfg = Debug|Any CPU
		{E0C57B46-6109-499C-A192-7B381117CE1F}.Debug|Any CPU.Build.0 = Debug|Any CPU
		{E0C57B46-6109-499C-A192-7B381117CE1F}.Release|Any CPU.ActiveCfg = Release|Any CPU
		{E0C57B46-6109-499C-A192-7B381117CE1F}.Release|Any CPU.Build.0 = Release|Any CPU
		{8424C18B-EB31-4ABB-99E3-A3E955FFF07F}.Debug|Any CPU.ActiveCfg = Debug|Any CPU
		{8424C18B-EB31-4ABB-99E3-A3E955FFF07F}.Debug|Any CPU.Build.0 = Debug|Any CPU
		{8424C18B-EB31-4ABB-99E3-A3E955FFF07F}.Release|Any CPU.ActiveCfg = Release|Any CPU
		{8424C18B-EB31-4ABB-99E3-A3E955FFF07F}.Release|Any CPU.Build.0 = Release|Any CPU
		{3D0B789F-38DF-4FCC-B289-B9B83F99BF1D}.Debug|Any CPU.ActiveCfg = Debug|Any CPU
		{3D0B789F-38DF-4FCC-B289-B9B83F99BF1D}.Debug|Any CPU.Build.0 = Debug|Any CPU
		{3D0B789F-38DF-4FCC-B289-B9B83F99BF1D}.Release|Any CPU.ActiveCfg = Release|Any CPU
		{3D0B789F-38DF-4FCC-B289-B9B83F99BF1D}.Release|Any CPU.Build.0 = Release|Any CPU
		{7EF9E786-6E11-44D4-9F60-524AEA0A8130}.Debug|Any CPU.ActiveCfg = Debug|Any CPU
		{7EF9E786-6E11-44D4-9F60-524AEA0A8130}.Debug|Any CPU.Build.0 = Debug|Any CPU
		{7EF9E786-6E11-44D4-9F60-524AEA0A8130}.Release|Any CPU.ActiveCfg = Release|Any CPU
		{7EF9E786-6E11-44D4-9F60-524AEA0A8130}.Release|Any CPU.Build.0 = Release|Any CPU
		{CDD2E8AD-F57C-4768-9812-0880BABF9437}.Debug|Any CPU.ActiveCfg = Debug|Any CPU
		{CDD2E8AD-F57C-4768-9812-0880BABF9437}.Debug|Any CPU.Build.0 = Debug|Any CPU
		{CDD2E8AD-F57C-4768-9812-0880BABF9437}.Release|Any CPU.ActiveCfg = Release|Any CPU
		{CDD2E8AD-F57C-4768-9812-0880BABF9437}.Release|Any CPU.Build.0 = Release|Any CPU
		{E19E29F2-B8E2-4E31-B1CE-0B3C20B50CBC}.Debug|Any CPU.ActiveCfg = Debug|Any CPU
		{E19E29F2-B8E2-4E31-B1CE-0B3C20B50CBC}.Debug|Any CPU.Build.0 = Debug|Any CPU
		{E19E29F2-B8E2-4E31-B1CE-0B3C20B50CBC}.Release|Any CPU.ActiveCfg = Release|Any CPU
		{E19E29F2-B8E2-4E31-B1CE-0B3C20B50CBC}.Release|Any CPU.Build.0 = Release|Any CPU
		{1DE047AA-DA33-4BA0-9933-745CC9DF935A}.Debug|Any CPU.ActiveCfg = Debug|Any CPU
		{1DE047AA-DA33-4BA0-9933-745CC9DF935A}.Debug|Any CPU.Build.0 = Debug|Any CPU
		{1DE047AA-DA33-4BA0-9933-745CC9DF935A}.Release|Any CPU.ActiveCfg = Release|Any CPU
		{1DE047AA-DA33-4BA0-9933-745CC9DF935A}.Release|Any CPU.Build.0 = Release|Any CPU
		{12881C61-4C37-47FF-84A2-BB8D54639FC5}.Debug|Any CPU.ActiveCfg = Debug|Any CPU
		{12881C61-4C37-47FF-84A2-BB8D54639FC5}.Debug|Any CPU.Build.0 = Debug|Any CPU
		{12881C61-4C37-47FF-84A2-BB8D54639FC5}.Release|Any CPU.ActiveCfg = Release|Any CPU
		{12881C61-4C37-47FF-84A2-BB8D54639FC5}.Release|Any CPU.Build.0 = Release|Any CPU
		{7C21B849-D8D4-41FA-8936-B2DDF191CBE6}.Debug|Any CPU.ActiveCfg = Debug|Any CPU
		{7C21B849-D8D4-41FA-8936-B2DDF191CBE6}.Debug|Any CPU.Build.0 = Debug|Any CPU
		{7C21B849-D8D4-41FA-8936-B2DDF191CBE6}.Release|Any CPU.ActiveCfg = Release|Any CPU
		{7C21B849-D8D4-41FA-8936-B2DDF191CBE6}.Release|Any CPU.Build.0 = Release|Any CPU
		{B7ACE533-5ACF-4DFC-AA33-3C04656628C0}.Debug|Any CPU.ActiveCfg = Debug|Any CPU
		{B7ACE533-5ACF-4DFC-AA33-3C04656628C0}.Debug|Any CPU.Build.0 = Debug|Any CPU
		{B7ACE533-5ACF-4DFC-AA33-3C04656628C0}.Release|Any CPU.ActiveCfg = Release|Any CPU
		{B7ACE533-5ACF-4DFC-AA33-3C04656628C0}.Release|Any CPU.Build.0 = Release|Any CPU
		{519E6D46-4FA8-4653-9A89-C89812CA4EA4}.Debug|Any CPU.ActiveCfg = Debug|Any CPU
		{519E6D46-4FA8-4653-9A89-C89812CA4EA4}.Debug|Any CPU.Build.0 = Debug|Any CPU
		{519E6D46-4FA8-4653-9A89-C89812CA4EA4}.Release|Any CPU.ActiveCfg = Release|Any CPU
		{519E6D46-4FA8-4653-9A89-C89812CA4EA4}.Release|Any CPU.Build.0 = Release|Any CPU
	EndGlobalSection
	GlobalSection(SolutionProperties) = preSolution
		HideSolutionNode = FALSE
	EndGlobalSection
	GlobalSection(NestedProjects) = preSolution
		{3D0B789F-38DF-4FCC-B289-B9B83F99BF1D} = {B5DA29DA-A821-4C48-8DC2-78DBE5BD0313}
		{CDD2E8AD-F57C-4768-9812-0880BABF9437} = {DEFECBB3-F873-4F04-99AB-842997EF9A42}
		{E19E29F2-B8E2-4E31-B1CE-0B3C20B50CBC} = {DEFECBB3-F873-4F04-99AB-842997EF9A42}
		{1DE047AA-DA33-4BA0-9933-745CC9DF935A} = {DEFECBB3-F873-4F04-99AB-842997EF9A42}
		{7C21B849-D8D4-41FA-8936-B2DDF191CBE6} = {DEFECBB3-F873-4F04-99AB-842997EF9A42}
		{519E6D46-4FA8-4653-9A89-C89812CA4EA4} = {DEFECBB3-F873-4F04-99AB-842997EF9A42}
	EndGlobalSection
	GlobalSection(ExtensibilityGlobals) = postSolution
		SolutionGuid = {0EFC0537-3BEE-4528-BBFD-FC8E6D95C0C1}
	EndGlobalSection
EndGlobal
