
Microsoft Visual Studio Solution File, Format Version 12.00
# Visual Studio Version 16
VisualStudioVersion = 16.0.29920.165
MinimumVisualStudioVersion = 10.0.40219.1
Project("{9A19103F-16F7-4668-BE54-9A1E7A4F7556}") = "PiStellwerk", "PiStellwerk\PiStellwerk.csproj", "{EB376DEF-DF3E-4313-BC14-26D99A66B53F}"
EndProject
Project("{2150E333-8FDC-42A3-9474-1A3956D46DE8}") = "Solution Items", "Solution Items", "{471EDB6C-5E63-4688-94B9-628F6A573083}"
	ProjectSection(SolutionItems) = preProject
		.editorconfig = .editorconfig
		customRules.ruleset = customRules.ruleset
		StyleCop.json = StyleCop.json
	EndProjectSection
EndProject
Project("{9A19103F-16F7-4668-BE54-9A1E7A4F7556}") = "PiStellwerk.Data", "PiStellwerk.Data\PiStellwerk.Data.csproj", "{E0C57B46-6109-499C-A192-7B381117CE1F}"
EndProject
Project("{9A19103F-16F7-4668-BE54-9A1E7A4F7556}") = "HardwareStats", "HarwareStats\HardwareStats.csproj", "{8424C18B-EB31-4ABB-99E3-A3E955FFF07F}"
EndProject
Global
	GlobalSection(SolutionConfigurationPlatforms) = preSolution
		Debug|Any CPU = Debug|Any CPU
		Release|Any CPU = Release|Any CPU
	EndGlobalSection
	GlobalSection(ProjectConfigurationPlatforms) = postSolution
		{EB376DEF-DF3E-4313-BC14-26D99A66B53F}.Debug|Any CPU.ActiveCfg = Debug|Any CPU
		{EB376DEF-DF3E-4313-BC14-26D99A66B53F}.Debug|Any CPU.Build.0 = Debug|Any CPU
		{EB376DEF-DF3E-4313-BC14-26D99A66B53F}.Release|Any CPU.ActiveCfg = Release|Any CPU
		{EB376DEF-DF3E-4313-BC14-26D99A66B53F}.Release|Any CPU.Build.0 = Release|Any CPU
		{E0C57B46-6109-499C-A192-7B381117CE1F}.Debug|Any CPU.ActiveCfg = Debug|Any CPU
		{E0C57B46-6109-499C-A192-7B381117CE1F}.Debug|Any CPU.Build.0 = Debug|Any CPU
		{E0C57B46-6109-499C-A192-7B381117CE1F}.Release|Any CPU.ActiveCfg = Release|Any CPU
		{E0C57B46-6109-499C-A192-7B381117CE1F}.Release|Any CPU.Build.0 = Release|Any CPU
		{8424C18B-EB31-4ABB-99E3-A3E955FFF07F}.Debug|Any CPU.ActiveCfg = Debug|Any CPU
		{8424C18B-EB31-4ABB-99E3-A3E955FFF07F}.Debug|Any CPU.Build.0 = Debug|Any CPU
		{8424C18B-EB31-4ABB-99E3-A3E955FFF07F}.Release|Any CPU.ActiveCfg = Release|Any CPU
		{8424C18B-EB31-4ABB-99E3-A3E955FFF07F}.Release|Any CPU.Build.0 = Release|Any CPU
	EndGlobalSection
	GlobalSection(SolutionProperties) = preSolution
		HideSolutionNode = FALSE
	EndGlobalSection
	GlobalSection(ExtensibilityGlobals) = postSolution
		SolutionGuid = {0EFC0537-3BEE-4528-BBFD-FC8E6D95C0C1}
	EndGlobalSection
EndGlobal
