{
  "version": 1,
  "dependencies": {
    "net8.0": {
      "Avalonia": {
        "type": "Direct",
        "requested": "[11.0.12, )",
        "resolved": "11.0.12",
        "contentHash": "5JuWEx3a5X1qyIzdkSupfiBdEzYlrNhBbpKDkIjNUXPGKBbdP0EilJfcCUP8h6t5ejL4Ph/jyXKqhFg8DHvQZg==",
        "dependencies": {
          "Avalonia.BuildServices": "0.0.29",
          "Avalonia.Remote.Protocol": "11.0.12",
          "MicroCom.Runtime": "0.11.0",
          "System.ComponentModel.Annotations": "4.5.0"
        }
      },
      "Avalonia.Desktop": {
        "type": "Direct",
        "requested": "[11.0.12, )",
        "resolved": "11.0.12",
        "contentHash": "Rv4oYb/5or9hjhB5cgNvcHOw1YrWoXNPTq+ZBvjBRfn3pp1Vmg0hf64/PQsLpUWDIcpjQEdX+GdLf8TFIfVnXg==",
        "dependencies": {
          "Avalonia": "11.0.12",
          "Avalonia.Native": "11.0.12",
          "Avalonia.Skia": "11.0.12",
          "Avalonia.Win32": "11.0.12",
          "Avalonia.X11": "11.0.12"
        }
      },
      "Avalonia.Diagnostics": {
        "type": "Direct",
        "requested": "[11.0.12, )",
        "resolved": "11.0.12",
        "contentHash": "Y9Q8H5+elS5W4THq0k2M0DBpSRVDJapzUV5s4qkeqOyL1Ic7Ch9EISWoniVuI8lFM9tf+nbEtexdlBdAjTgBFw==",
        "dependencies": {
          "Avalonia": "11.0.12",
          "Avalonia.Controls.ColorPicker": "11.0.12",
          "Avalonia.Controls.DataGrid": "11.0.12",
          "Avalonia.Themes.Simple": "11.0.12",
          "Microsoft.CodeAnalysis.CSharp.Scripting": "3.8.0",
          "Microsoft.CodeAnalysis.Common": "3.8.0"
        }
      },
      "Avalonia.Fonts.Inter": {
        "type": "Direct",
        "requested": "[11.0.12, )",
        "resolved": "11.0.12",
        "contentHash": "psXNf5r7HYBrQIQqG7iki1j/BOS4AVo+CC3Vl0JNy1UQTNfxRMVP4iOfZm/KeKJ/qw6hJ36AtSnL5SIHAiVlDA==",
        "dependencies": {
          "Avalonia": "11.0.12"
        }
      },
      "Microsoft.Extensions.Localization": {
        "type": "Direct",
        "requested": "[8.0.8, )",
        "resolved": "8.0.8",
        "contentHash": "n32ZGmc2UOv9R/xsBHQPOxBsqCSAAJSoMtFqoQ8zOegB2P+H6+773OyCWg4jRBkO/3dmCyBJXB0yLAOVW2/C/w==",
        "dependencies": {
          "Microsoft.Extensions.DependencyInjection.Abstractions": "8.0.1",
          "Microsoft.Extensions.Localization.Abstractions": "8.0.8",
          "Microsoft.Extensions.Logging.Abstractions": "8.0.1",
          "Microsoft.Extensions.Options": "8.0.2"
        }
      },
      "Microsoft.NET.ILLink.Tasks": {
        "type": "Direct",
        "requested": "[8.0.8, )",
        "resolved": "8.0.8",
        "contentHash": "P8wR6MUWwYXIjPJuBaZgo5zlI/GWI6QEAo6NyVIbPefa9CCkohYu7dP2rD/mrqnjEqfRHyl+h9VZrDoGpELqYg=="
      },
      "Nerdbank.GitVersioning": {
        "type": "Direct",
        "requested": "[3.6.141, )",
        "resolved": "3.6.141",
        "contentHash": "A2+obbz6Xl6nHdDDMiqHCrn6Lktrs/pLq4BIQXDUD2O2gd5fz2WobQyX30Kp0mPPXjEOgBA1r5s6iYVurTkUig=="
      },
      "Semi.Avalonia": {
        "type": "Direct",
        "requested": "[11.0.7.4, )",
        "resolved": "11.0.7.4",
        "contentHash": "d/JeKmiwJ2vzO/Ymns6sZ1Qjj8cmtjjIiA+S8Ng/ll2h++tNX3nfZuPTc9dYnmYMxyEjuaRB4lx5cSnJWAjxqA==",
        "dependencies": {
          "Avalonia": "11.0.7"
        }
      },
      "Splat": {
        "type": "Direct",
        "requested": "[15.1.1, )",
        "resolved": "15.1.1",
        "contentHash": "RHDTdF90FwVbRia2cmuIzkiVoETqnXSB2dDBBi/I35HWXqv4OKGqoMcfcd6obMvO2OmmY5PjU1M62K8LkJafAA=="
      },
      "Avalonia.Angle.Windows.Natives": {
        "type": "Transitive",
        "resolved": "2.1.0.2023020321",
        "contentHash": "Zlkkb8ipxrxNWVPCJgMO19fpcpYPP+bpOQ+jPtCFj8v+TzVvPdnGHuyv9IMvSHhhMfEpps4m4hjaP4FORQYVAA=="
      },
      "Avalonia.BuildServices": {
        "type": "Transitive",
        "resolved": "0.0.29",
        "contentHash": "U4eJLQdoDNHXtEba7MZUCwrBErBTxFp6sUewXBOdAhU0Kwzwaa/EKFcYm8kpcysjzKtfB4S0S9n0uxKZFz/ikw=="
      },
      "Avalonia.Controls.ColorPicker": {
        "type": "Transitive",
        "resolved": "11.0.12",
        "contentHash": "L+cPaqb71msRswhX2qQQQKt3UosXkJUqq1a9aHgDBc2BVNCLF6Hjqq1WEOd55STuXXJISYyjqk118NB57sCThA==",
        "dependencies": {
          "Avalonia": "11.0.12",
          "Avalonia.Remote.Protocol": "11.0.12"
        }
      },
      "Avalonia.Controls.DataGrid": {
        "type": "Transitive",
        "resolved": "11.0.12",
        "contentHash": "LSw/SxmhxGnhfkfsjUxPnVbw+HgZ5XTyLI61iJg6HAVJHzAQWfpAfmRvr7G19Ghnf7Bk+PjQaT3HgsvcWQFqlQ==",
        "dependencies": {
          "Avalonia": "11.0.12",
          "Avalonia.Remote.Protocol": "11.0.12"
        }
      },
      "Avalonia.FreeDesktop": {
        "type": "Transitive",
        "resolved": "11.0.12",
        "contentHash": "UkmHodcPWt8cNYDuf76mH2x5Kq0By7Ps5p7yqMth52u4AgNX8ziW2Bzzh8WbkUnbgam9ExRljBz+9nqmvMUliQ==",
        "dependencies": {
          "Avalonia": "11.0.12",
          "Tmds.DBus.Protocol": "0.15.0"
        }
      },
      "Avalonia.Native": {
        "type": "Transitive",
        "resolved": "11.0.12",
        "contentHash": "oIq/CCdXyvDIi3bO0QLYKpNUvRPCDO7O8B3gEAV4VOUaQdqrQYuqqdqOzUAVlBNEIzg+rVZmsH2dDEpo6KNS/Q==",
        "dependencies": {
          "Avalonia": "11.0.12"
        }
      },
      "Avalonia.Remote.Protocol": {
        "type": "Transitive",
        "resolved": "11.0.12",
        "contentHash": "43hHwHe/0r6sLURTbhH7gTiRWP6kOMWpu0ckUuS4+gbZ9U9fxYbOypatk3imDyH8I8yBjt12c2DM0TTlZGEw+A=="
      },
      "Avalonia.Skia": {
        "type": "Transitive",
        "resolved": "11.0.12",
        "contentHash": "IfAAdY5PK2muNOWaJKoOKomxcvRw/qFXevLOkWaZqe8wE67DxznRmw6o0q1KOtdcCY16QVATAUjrdUosLAMAxA==",
        "dependencies": {
          "Avalonia": "11.0.12",
          "HarfBuzzSharp": "7.3.0",
          "HarfBuzzSharp.NativeAssets.Linux": "7.3.0",
          "HarfBuzzSharp.NativeAssets.WebAssembly": "7.3.0",
          "SkiaSharp": "2.88.7",
          "SkiaSharp.NativeAssets.Linux": "2.88.7",
          "SkiaSharp.NativeAssets.WebAssembly": "2.88.7"
        }
      },
      "Avalonia.Themes.Simple": {
        "type": "Transitive",
        "resolved": "11.0.12",
        "contentHash": "+sAF/7UrJ2f9HFU3THu4yGOKYvDamo+tTdZYzZ3cfafAf3qr1P8y3IWuydg03TnH/K+XVmd/rUBaj8VIah2V1g==",
        "dependencies": {
          "Avalonia": "11.0.12"
        }
      },
      "Avalonia.Win32": {
        "type": "Transitive",
        "resolved": "11.0.12",
        "contentHash": "Wl2M2nH43zvRENpxb9SqdCwduqtt0Fsxt8JLDO0fNKfKpxBZnCmu2VVg2FqvGIcCJDb+shAKiLcTbGm+pJroZQ==",
        "dependencies": {
          "Avalonia": "11.0.12",
          "Avalonia.Angle.Windows.Natives": "2.1.0.2023020321",
          "System.Numerics.Vectors": "4.5.0"
        }
      },
      "Avalonia.X11": {
        "type": "Transitive",
        "resolved": "11.0.12",
        "contentHash": "ZXkctBdzKoeHczNNJrC815+WIn1m9l1yS1cP31J4z75CXdZxOkd1YgAGFV0TKa2N9Nxv3EBRmgnvBxnvA7xi3Q==",
        "dependencies": {
          "Avalonia": "11.0.12",
          "Avalonia.FreeDesktop": "11.0.12",
          "Avalonia.Skia": "11.0.12"
        }
      },
      "CommunityToolkit.Mvvm": {
        "type": "Transitive",
        "resolved": "8.2.2",
        "contentHash": "r0g0k9tGYdrnz8R7T3x5UiokDffeevzK/2P/9SBL6fqLgN8B157MIi/bVUWI1KAz6ZorZrK9AdABCWUeXZZsvA=="
      },
      "FluentResults": {
        "type": "Transitive",
        "resolved": "3.16.0",
        "contentHash": "VWacGzOyN9k7LOKqiNLnFvqTDLbFvepHlINdM3pPTD0YWI+a+VW/Q9gcx4gmJDpDZ32cAsczz5vmRjLCL5UOhA==",
        "dependencies": {
          "Microsoft.Extensions.Logging.Abstractions": "2.1.1",
          "System.Threading.Tasks.Extensions": "4.5.4"
        }
      },
      "HarfBuzzSharp": {
        "type": "Transitive",
        "resolved": "7.3.0",
        "contentHash": "OrQLaxtZMIeS2yHSUtsKzeSdk9CPaCpyJ/JCs+wLfRGatjE8MLUS6LGj6vdbGRxqRavcXs79C9O3oWe6FJR0JQ==",
        "dependencies": {
          "HarfBuzzSharp.NativeAssets.Win32": "7.3.0",
          "HarfBuzzSharp.NativeAssets.macOS": "7.3.0"
        }
      },
      "HarfBuzzSharp.NativeAssets.Linux": {
        "type": "Transitive",
        "resolved": "7.3.0",
        "contentHash": "m6F2pEBTN0zTRgQ3caJQRGQkZZizZwHHCbu+rTv+gvwteNBOpqOLD5GE4dB9TFjNNpnyHXtfuMD86JuUra9UvA==",
        "dependencies": {
          "HarfBuzzSharp": "7.3.0"
        }
      },
      "HarfBuzzSharp.NativeAssets.macOS": {
        "type": "Transitive",
        "resolved": "7.3.0",
        "contentHash": "LWcFJ39j+dN0KK8c/GJJZPPZPL9TqT2FA42/LRGqzUMmSm5LYbINOMnPvUr7RuLR6RFSmKIrgrlgObR8G5ho2A=="
      },
      "HarfBuzzSharp.NativeAssets.WebAssembly": {
        "type": "Transitive",
        "resolved": "7.3.0",
        "contentHash": "cnl4I6P+VeujfSSD3ZrC5f0TrTGt9EKgCOoZ3LpgLI2xobBKLi5bxOaN2oY6B0xVXxQEhEaWBotg7AuECg00Iw=="
      },
      "HarfBuzzSharp.NativeAssets.Win32": {
        "type": "Transitive",
        "resolved": "7.3.0",
        "contentHash": "ulEewLMk+dNmbmpy15ny/YusI6JNUWqchF080TV2jgfFBXPXjWm767JleDi/S7hp8eDeEN6GYIIxpvNr5fLvIw=="
      },
      "JetBrains.Annotations": {
        "type": "Transitive",
        "resolved": "2024.2.0",
        "contentHash": "GNnqCFW/163p1fOehKx0CnAqjmpPrUSqrgfHM6qca+P+RN39C9rhlfZHQpJhxmQG/dkOYe/b3Z0P8b6Kv5m1qw=="
      },
      "MicroCom.Runtime": {
        "type": "Transitive",
        "resolved": "0.11.0",
        "contentHash": "MEnrZ3UIiH40hjzMDsxrTyi8dtqB5ziv3iBeeU4bXsL/7NLSal9F1lZKpK+tfBRnUoDSdtcW3KufE4yhATOMCA=="
      },
      "Microsoft.AspNetCore.Connections.Abstractions": {
        "type": "Transitive",
        "resolved": "8.0.8",
        "contentHash": "Qf1C5WlKogCGl7jBthegWpRhxknayYUj/T5t/iFqEif9TdhpHv2o+dwgBFRNov3bdVQtK9gvmnPYsxaorBvpHA==",
        "dependencies": {
          "Microsoft.Extensions.Features": "8.0.8",
          "System.IO.Pipelines": "8.0.0"
        }
      },
      "Microsoft.AspNetCore.Http.Connections.Client": {
        "type": "Transitive",
        "resolved": "8.0.8",
        "contentHash": "eAOn2qAuVUo4QH+kUhj03MHshpdffT50JmoRAbtcbaKiciIcNeSW+dpa6vnrAZ2abKBCWdHPECPxzC1W8KnCtQ==",
        "dependencies": {
          "Microsoft.AspNetCore.Http.Connections.Common": "8.0.8",
          "Microsoft.Extensions.Logging.Abstractions": "8.0.1",
          "Microsoft.Extensions.Options": "8.0.2"
        }
      },
      "Microsoft.AspNetCore.Http.Connections.Common": {
        "type": "Transitive",
        "resolved": "8.0.8",
        "contentHash": "+dH9RZFAsiqi8ATIiZGfPYpet6BFvoHCBh01uYocMyI2QUlu/vT23BYc2ciAlLq0ljFha8CQ59th4wknWdDa+g==",
        "dependencies": {
          "Microsoft.AspNetCore.Connections.Abstractions": "8.0.8"
        }
      },
      "Microsoft.AspNetCore.SignalR.Client": {
        "type": "Transitive",
        "resolved": "8.0.8",
        "contentHash": "a41cXpQDnGNsrAKOLtNtPVnnQxcl7ThHzlUSpgkG7fZZYAT6gBppn/lbQ8M73BcRh3p71TExpNyZ4eefLkvTUg==",
        "dependencies": {
          "Microsoft.AspNetCore.Http.Connections.Client": "8.0.8",
          "Microsoft.AspNetCore.SignalR.Client.Core": "8.0.8"
        }
      },
      "Microsoft.AspNetCore.SignalR.Client.Core": {
        "type": "Transitive",
        "resolved": "8.0.8",
        "contentHash": "vvAKtgewQ6E4qhIH88QRv/x9OKKI2duhzojJH6sI8eTn1yvR6cdMD780KIs6//0HXkRDJZspqiLH2jHltKQpPQ==",
        "dependencies": {
          "Microsoft.AspNetCore.SignalR.Common": "8.0.8",
          "Microsoft.AspNetCore.SignalR.Protocols.Json": "8.0.8",
          "Microsoft.Extensions.DependencyInjection": "8.0.0",
          "Microsoft.Extensions.Logging": "8.0.0",
          "System.Threading.Channels": "8.0.0"
        }
      },
      "Microsoft.AspNetCore.SignalR.Common": {
        "type": "Transitive",
        "resolved": "8.0.8",
        "contentHash": "n4WyR53huf+azYAr0upo3SVHEMQPbuGfeAGOpx+WEMxGqKtkHiWHoRkTrxL89Q4Hd1Qok4mF80o3x7yuS8qXFA==",
        "dependencies": {
          "Microsoft.AspNetCore.Connections.Abstractions": "8.0.8",
          "Microsoft.Extensions.Options": "8.0.2"
        }
      },
      "Microsoft.AspNetCore.SignalR.Protocols.Json": {
        "type": "Transitive",
        "resolved": "8.0.8",
        "contentHash": "8iqF3voCEzs4hfPNU/MVodtxfg1qpl6O0OUy5uJyzuSWfS4SKY8Vwgr78FgBGvAuRI130eDFV5BHWXAOoMG4eQ==",
        "dependencies": {
          "Microsoft.AspNetCore.SignalR.Common": "8.0.8"
        }
      },
      "Microsoft.CodeAnalysis.Analyzers": {
        "type": "Transitive",
        "resolved": "3.0.0",
        "contentHash": "ojG5pGAhTPmjxRGTNvuszO3H8XPZqksDwr9xLd4Ae/JBjZZdl6GuoLk7uLMf+o7yl5wO0TAqoWcEKkEWqrZE5g=="
      },
      "Microsoft.CodeAnalysis.Common": {
        "type": "Transitive",
        "resolved": "3.8.0",
        "contentHash": "8YTZ7GpsbTdC08DITx7/kwV0k4SC6cbBAFqc13cOm5vKJZcEIAh51tNSyGSkWisMgYCr96B2wb5Zri1bsla3+g==",
        "dependencies": {
          "Microsoft.CodeAnalysis.Analyzers": "3.0.0",
          "System.Collections.Immutable": "5.0.0",
          "System.Memory": "4.5.4",
          "System.Reflection.Metadata": "5.0.0",
          "System.Runtime.CompilerServices.Unsafe": "4.7.1",
          "System.Text.Encoding.CodePages": "4.5.1",
          "System.Threading.Tasks.Extensions": "4.5.4"
        }
      },
      "Microsoft.CodeAnalysis.CSharp": {
        "type": "Transitive",
        "resolved": "3.8.0",
        "contentHash": "hKqFCUSk9TIMBDjiYMF8/ZfK9p9mzpU+slM73CaCHu4ctfkoqJGHLQhyT8wvrYsIg+ufrUWBF8hcJYmyr5rc5Q==",
        "dependencies": {
          "Microsoft.CodeAnalysis.Common": "[3.8.0]"
        }
      },
      "Microsoft.CodeAnalysis.CSharp.Scripting": {
        "type": "Transitive",
        "resolved": "3.8.0",
        "contentHash": "+XVKzByNigzzvl7rGwpzFrkUbbekNUwdMW3EghcxmNRZd9aamNXxes3I/U0tYx1LTeHEQ5y/nzb7SiEmXBmzEA==",
        "dependencies": {
          "Microsoft.CSharp": "4.3.0",
          "Microsoft.CodeAnalysis.CSharp": "[3.8.0]",
          "Microsoft.CodeAnalysis.Common": "[3.8.0]",
          "Microsoft.CodeAnalysis.Scripting.Common": "[3.8.0]"
        }
      },
      "Microsoft.CodeAnalysis.Scripting.Common": {
        "type": "Transitive",
        "resolved": "3.8.0",
        "contentHash": "lR8Mxg/4tnwzFyqJOD7wBoXbyDKEaMxRc0E9UWtHNGBiL1qBdYyVhXPmiOPUL44tUJeQwCOHAr554jRHGBQIcw==",
        "dependencies": {
          "Microsoft.CodeAnalysis.Common": "[3.8.0]"
        }
      },
      "Microsoft.CSharp": {
        "type": "Transitive",
        "resolved": "4.3.0",
        "contentHash": "P+MBhIM0YX+JqROuf7i306ZLJEjQYA9uUyRDE+OqwUI5sh41e2ZbPQV3LfAPh+29cmceE1pUffXsGfR4eMY3KA==",
        "dependencies": {
          "System.Collections": "4.3.0",
          "System.Diagnostics.Debug": "4.3.0",
          "System.Dynamic.Runtime": "4.3.0",
          "System.Globalization": "4.3.0",
          "System.Linq": "4.3.0",
          "System.Linq.Expressions": "4.3.0",
          "System.ObjectModel": "4.3.0",
          "System.Reflection": "4.3.0",
          "System.Reflection.Extensions": "4.3.0",
          "System.Reflection.Primitives": "4.3.0",
          "System.Reflection.TypeExtensions": "4.3.0",
          "System.Resources.ResourceManager": "4.3.0",
          "System.Runtime": "4.3.0",
          "System.Runtime.Extensions": "4.3.0",
          "System.Runtime.InteropServices": "4.3.0",
          "System.Threading": "4.3.0"
        }
      },
      "Microsoft.Extensions.DependencyInjection": {
        "type": "Transitive",
        "resolved": "8.0.0",
        "contentHash": "V8S3bsm50ig6JSyrbcJJ8bW2b9QLGouz+G1miK3UTaOWmMtFwNNNzUf4AleyDWUmTrWMLNnFSLEQtxmxgNQnNQ==",
        "dependencies": {
          "Microsoft.Extensions.DependencyInjection.Abstractions": "8.0.0"
        }
      },
      "Microsoft.Extensions.DependencyInjection.Abstractions": {
        "type": "Transitive",
        "resolved": "8.0.1",
        "contentHash": "fGLiCRLMYd00JYpClraLjJTNKLmMJPnqxMaiRzEBIIvevlzxz33mXy39Lkd48hu1G+N21S7QpaO5ZzKsI6FRuA=="
      },
      "Microsoft.Extensions.Features": {
        "type": "Transitive",
        "resolved": "8.0.8",
        "contentHash": "twQ7HVVebAchBSLM5VsPeS/rwri3HJwxv22+wUQppr0ByUke97Ipw38gwGqFAnG2dz08N5LicKW2wpNtRng6Fw=="
      },
      "Microsoft.Extensions.Localization.Abstractions": {
        "type": "Transitive",
        "resolved": "8.0.8",
        "contentHash": "WYIsqP/A6dH/LWJznrvgoNPc7Q+CUJD0E78765GL3aonBtyFK1BKtPzBvvlnrr3SVqSO2r6xJCLgCEiCMG1gfA=="
      },
      "Microsoft.Extensions.Logging": {
        "type": "Transitive",
        "resolved": "8.0.0",
        "contentHash": "tvRkov9tAJ3xP51LCv3FJ2zINmv1P8Hi8lhhtcKGqM+ImiTCC84uOPEI4z8Cdq2C3o9e+Aa0Gw0rmrsJD77W+w==",
        "dependencies": {
          "Microsoft.Extensions.DependencyInjection": "8.0.0",
          "Microsoft.Extensions.Logging.Abstractions": "8.0.0",
          "Microsoft.Extensions.Options": "8.0.0"
        }
      },
      "Microsoft.Extensions.Logging.Abstractions": {
        "type": "Transitive",
        "resolved": "8.0.1",
        "contentHash": "RIFgaqoaINxkM2KTOw72dmilDmTrYA0ns2KW4lDz4gZ2+o6IQ894CzmdL3StM2oh7QQq44nCWiqKqc4qUI9Jmg==",
        "dependencies": {
          "Microsoft.Extensions.DependencyInjection.Abstractions": "8.0.1"
        }
      },
      "Microsoft.Extensions.Options": {
        "type": "Transitive",
        "resolved": "8.0.2",
        "contentHash": "dWGKvhFybsaZpGmzkGCbNNwBD1rVlWzrZKANLW/CcbFJpCEceMCGzT7zZwHOGBCbwM0SzBuceMj5HN1LKV1QqA==",
        "dependencies": {
          "Microsoft.Extensions.DependencyInjection.Abstractions": "8.0.0",
          "Microsoft.Extensions.Primitives": "8.0.0"
        }
      },
      "Microsoft.Extensions.Primitives": {
        "type": "Transitive",
        "resolved": "8.0.0",
        "contentHash": "bXJEZrW9ny8vjMF1JV253WeLhpEVzFo1lyaZu1vQ4ZxWUlVvknZ/+ftFgVheLubb4eZPSwwxBeqS1JkCOjxd8g=="
      },
      "Microsoft.NETCore.Platforms": {
        "type": "Transitive",
        "resolved": "2.1.2",
        "contentHash": "mOJy3M0UN+LUG21dLGMxaWZEP6xYpQEpLuvuEQBaownaX4YuhH6NmNUlN9si+vNkAS6dwJ//N1O4DmLf2CikVg=="
      },
      "Microsoft.NETCore.Targets": {
        "type": "Transitive",
        "resolved": "1.1.0",
        "contentHash": "aOZA3BWfz9RXjpzt0sRJJMjAscAUm3Hoa4UWAfceV9UTYxgwZ1lZt5nO2myFf+/jetYQo4uTP7zS8sJY67BBxg=="
      },
      "SkiaSharp": {
        "type": "Transitive",
        "resolved": "2.88.7",
        "contentHash": "LJHAMrbWO00J7jXWLWehyjqFo29T4VzABimfJb4nICqpEe3c/KvQGWL4ItON8ymzhxYOeFgyxeRzuNzO4GHSug==",
        "dependencies": {
          "SkiaSharp.NativeAssets.Win32": "2.88.7",
          "SkiaSharp.NativeAssets.macOS": "2.88.7"
        }
      },
      "SkiaSharp.NativeAssets.Linux": {
        "type": "Transitive",
        "resolved": "2.88.7",
        "contentHash": "i9VitS7/5D8Te3B1Gu7F6kakW9PYVnI3YC6MoR6NidreD9hDl1EIOQEBaa0eBsOsWNX5Bz92OVf6+7KbDrJvyg==",
        "dependencies": {
          "SkiaSharp": "2.88.7"
        }
      },
      "SkiaSharp.NativeAssets.macOS": {
        "type": "Transitive",
        "resolved": "2.88.7",
        "contentHash": "3jNzco4VjcYPFNxR9aNWcgweFXbTSdM1VpNRzCS4X0i1A1OuNqcaulrAvmntNpujeWxHo9e6WGh6FN8Jf5+XhA=="
      },
      "SkiaSharp.NativeAssets.WebAssembly": {
        "type": "Transitive",
        "resolved": "2.88.7",
        "contentHash": "elmOOQTO0QXmnnHx7GliF7VNJqZkWgPqqPsXapEN0EEZJ9fGblYWmD6cqxTwaRTMCUFeLpn8+gTzY8j000MxZQ=="
      },
      "SkiaSharp.NativeAssets.Win32": {
        "type": "Transitive",
        "resolved": "2.88.7",
        "contentHash": "BCXmWdQ0oVck9vRwC8U3ocSaTHEx28VB+6qw9OxGIMQ86iO5bp4Flqk3IXH0l9Pbr7vWAUOpI212iaL9mTaUZQ=="
      },
      "System.Collections": {
        "type": "Transitive",
        "resolved": "4.3.0",
        "contentHash": "3Dcj85/TBdVpL5Zr+gEEBUuFe2icOnLalmEh9hfck1PTYbbyWuZgh4fmm2ysCLTrqLQw6t3TgTyJ+VLp+Qb+Lw==",
        "dependencies": {
          "Microsoft.NETCore.Platforms": "1.1.0",
          "Microsoft.NETCore.Targets": "1.1.0",
          "System.Runtime": "4.3.0"
        }
      },
      "System.Collections.Immutable": {
        "type": "Transitive",
        "resolved": "5.0.0",
        "contentHash": "FXkLXiK0sVVewcso0imKQoOxjoPAj42R8HtjjbSjVPAzwDfzoyoznWxgA3c38LDbN9SJux1xXoXYAhz98j7r2g=="
      },
      "System.ComponentModel.Annotations": {
        "type": "Transitive",
        "resolved": "4.5.0",
        "contentHash": "UxYQ3FGUOtzJ7LfSdnYSFd7+oEv6M8NgUatatIN2HxNtDdlcvFAf+VIq4Of9cDMJEJC0aSRv/x898RYhB4Yppg=="
      },
      "System.Diagnostics.Debug": {
        "type": "Transitive",
        "resolved": "4.3.0",
        "contentHash": "ZUhUOdqmaG5Jk3Xdb8xi5kIyQYAA4PnTNlHx1mu9ZY3qv4ELIdKbnL/akbGaKi2RnNUWaZsAs31rvzFdewTj2g==",
        "dependencies": {
          "Microsoft.NETCore.Platforms": "1.1.0",
          "Microsoft.NETCore.Targets": "1.1.0",
          "System.Runtime": "4.3.0"
        }
      },
      "System.Dynamic.Runtime": {
        "type": "Transitive",
        "resolved": "4.3.0",
        "contentHash": "SNVi1E/vfWUAs/WYKhE9+qlS6KqK0YVhnlT0HQtr8pMIA8YX3lwy3uPMownDwdYISBdmAF/2holEIldVp85Wag==",
        "dependencies": {
          "System.Collections": "4.3.0",
          "System.Diagnostics.Debug": "4.3.0",
          "System.Linq": "4.3.0",
          "System.Linq.Expressions": "4.3.0",
          "System.ObjectModel": "4.3.0",
          "System.Reflection": "4.3.0",
          "System.Reflection.Emit": "4.3.0",
          "System.Reflection.Emit.ILGeneration": "4.3.0",
          "System.Reflection.Primitives": "4.3.0",
          "System.Reflection.TypeExtensions": "4.3.0",
          "System.Resources.ResourceManager": "4.3.0",
          "System.Runtime": "4.3.0",
          "System.Runtime.Extensions": "4.3.0",
          "System.Threading": "4.3.0"
        }
      },
      "System.Globalization": {
        "type": "Transitive",
        "resolved": "4.3.0",
        "contentHash": "kYdVd2f2PAdFGblzFswE4hkNANJBKRmsfa2X5LG2AcWE1c7/4t0pYae1L8vfZ5xvE2nK/R9JprtToA61OSHWIg==",
        "dependencies": {
          "Microsoft.NETCore.Platforms": "1.1.0",
          "Microsoft.NETCore.Targets": "1.1.0",
          "System.Runtime": "4.3.0"
        }
      },
      "System.IO": {
        "type": "Transitive",
        "resolved": "4.3.0",
        "contentHash": "3qjaHvxQPDpSOYICjUoTsmoq5u6QJAFRUITgeT/4gqkF1bajbSmb1kwSxEA8AHlofqgcKJcM8udgieRNhaJ5Cg==",
        "dependencies": {
          "Microsoft.NETCore.Platforms": "1.1.0",
          "Microsoft.NETCore.Targets": "1.1.0",
          "System.Runtime": "4.3.0",
          "System.Text.Encoding": "4.3.0",
          "System.Threading.Tasks": "4.3.0"
        }
      },
      "System.IO.Pipelines": {
        "type": "Transitive",
        "resolved": "8.0.0",
        "contentHash": "FHNOatmUq0sqJOkTx+UF/9YK1f180cnW5FVqnQMvYUN0elp6wFzbtPSiqbo1/ru8ICp43JM1i7kKkk6GsNGHlA=="
      },
      "System.Linq": {
        "type": "Transitive",
        "resolved": "4.3.0",
        "contentHash": "5DbqIUpsDp0dFftytzuMmc0oeMdQwjcP/EWxsksIz/w1TcFRkZ3yKKz0PqiYFMmEwPSWw+qNVqD7PJ889JzHbw==",
        "dependencies": {
          "System.Collections": "4.3.0",
          "System.Diagnostics.Debug": "4.3.0",
          "System.Resources.ResourceManager": "4.3.0",
          "System.Runtime": "4.3.0",
          "System.Runtime.Extensions": "4.3.0"
        }
      },
      "System.Linq.Expressions": {
        "type": "Transitive",
        "resolved": "4.3.0",
        "contentHash": "PGKkrd2khG4CnlyJwxwwaWWiSiWFNBGlgXvJpeO0xCXrZ89ODrQ6tjEWS/kOqZ8GwEOUATtKtzp1eRgmYNfclg==",
        "dependencies": {
          "System.Collections": "4.3.0",
          "System.Diagnostics.Debug": "4.3.0",
          "System.Globalization": "4.3.0",
          "System.IO": "4.3.0",
          "System.Linq": "4.3.0",
          "System.ObjectModel": "4.3.0",
          "System.Reflection": "4.3.0",
          "System.Reflection.Emit": "4.3.0",
          "System.Reflection.Emit.ILGeneration": "4.3.0",
          "System.Reflection.Emit.Lightweight": "4.3.0",
          "System.Reflection.Extensions": "4.3.0",
          "System.Reflection.Primitives": "4.3.0",
          "System.Reflection.TypeExtensions": "4.3.0",
          "System.Resources.ResourceManager": "4.3.0",
          "System.Runtime": "4.3.0",
          "System.Runtime.Extensions": "4.3.0",
          "System.Threading": "4.3.0"
        }
      },
      "System.Memory": {
        "type": "Transitive",
        "resolved": "4.5.4",
        "contentHash": "1MbJTHS1lZ4bS4FmsJjnuGJOu88ZzTT2rLvrhW7Ygic+pC0NWA+3hgAen0HRdsocuQXCkUTdFn9yHJJhsijDXw=="
      },
      "System.Numerics.Vectors": {
        "type": "Transitive",
        "resolved": "4.5.0",
        "contentHash": "QQTlPTl06J/iiDbJCiepZ4H//BVraReU4O4EoRw1U02H5TLUIT7xn3GnDp9AXPSlJUDyFs4uWjWafNX6WrAojQ=="
      },
      "System.ObjectModel": {
        "type": "Transitive",
        "resolved": "4.3.0",
        "contentHash": "bdX+80eKv9bN6K4N+d77OankKHGn6CH711a6fcOpMQu2Fckp/Ft4L/kW9WznHpyR0NRAvJutzOMHNNlBGvxQzQ==",
        "dependencies": {
          "System.Collections": "4.3.0",
          "System.Diagnostics.Debug": "4.3.0",
          "System.Resources.ResourceManager": "4.3.0",
          "System.Runtime": "4.3.0",
          "System.Threading": "4.3.0"
        }
      },
      "System.Reflection": {
        "type": "Transitive",
        "resolved": "4.3.0",
        "contentHash": "KMiAFoW7MfJGa9nDFNcfu+FpEdiHpWgTcS2HdMpDvt9saK3y/G4GwprPyzqjFH9NTaGPQeWNHU+iDlDILj96aQ==",
        "dependencies": {
          "Microsoft.NETCore.Platforms": "1.1.0",
          "Microsoft.NETCore.Targets": "1.1.0",
          "System.IO": "4.3.0",
          "System.Reflection.Primitives": "4.3.0",
          "System.Runtime": "4.3.0"
        }
      },
      "System.Reflection.Emit": {
        "type": "Transitive",
        "resolved": "4.3.0",
        "contentHash": "228FG0jLcIwTVJyz8CLFKueVqQK36ANazUManGaJHkO0icjiIypKW7YLWLIWahyIkdh5M7mV2dJepllLyA1SKg==",
        "dependencies": {
          "System.IO": "4.3.0",
          "System.Reflection": "4.3.0",
          "System.Reflection.Emit.ILGeneration": "4.3.0",
          "System.Reflection.Primitives": "4.3.0",
          "System.Runtime": "4.3.0"
        }
      },
      "System.Reflection.Emit.ILGeneration": {
        "type": "Transitive",
        "resolved": "4.3.0",
        "contentHash": "59tBslAk9733NXLrUJrwNZEzbMAcu8k344OYo+wfSVygcgZ9lgBdGIzH/nrg3LYhXceynyvTc8t5/GD4Ri0/ng==",
        "dependencies": {
          "System.Reflection": "4.3.0",
          "System.Reflection.Primitives": "4.3.0",
          "System.Runtime": "4.3.0"
        }
      },
      "System.Reflection.Emit.Lightweight": {
        "type": "Transitive",
        "resolved": "4.3.0",
        "contentHash": "oadVHGSMsTmZsAF864QYN1t1QzZjIcuKU3l2S9cZOwDdDueNTrqq1yRj7koFfIGEnKpt6NjpL3rOzRhs4ryOgA==",
        "dependencies": {
          "System.Reflection": "4.3.0",
          "System.Reflection.Emit.ILGeneration": "4.3.0",
          "System.Reflection.Primitives": "4.3.0",
          "System.Runtime": "4.3.0"
        }
      },
      "System.Reflection.Extensions": {
        "type": "Transitive",
        "resolved": "4.3.0",
        "contentHash": "rJkrJD3kBI5B712aRu4DpSIiHRtr6QlfZSQsb0hYHrDCZORXCFjQfoipo2LaMUHoT9i1B7j7MnfaEKWDFmFQNQ==",
        "dependencies": {
          "Microsoft.NETCore.Platforms": "1.1.0",
          "Microsoft.NETCore.Targets": "1.1.0",
          "System.Reflection": "4.3.0",
          "System.Runtime": "4.3.0"
        }
      },
      "System.Reflection.Metadata": {
        "type": "Transitive",
        "resolved": "5.0.0",
        "contentHash": "5NecZgXktdGg34rh1OenY1rFNDCI8xSjFr+Z4OU4cU06AQHUdRnIIEeWENu3Wl4YowbzkymAIMvi3WyK9U53pQ=="
      },
      "System.Reflection.Primitives": {
        "type": "Transitive",
        "resolved": "4.3.0",
        "contentHash": "5RXItQz5As4xN2/YUDxdpsEkMhvw3e6aNveFXUn4Hl/udNTCNhnKp8lT9fnc3MhvGKh1baak5CovpuQUXHAlIA==",
        "dependencies": {
          "Microsoft.NETCore.Platforms": "1.1.0",
          "Microsoft.NETCore.Targets": "1.1.0",
          "System.Runtime": "4.3.0"
        }
      },
      "System.Reflection.TypeExtensions": {
        "type": "Transitive",
        "resolved": "4.3.0",
        "contentHash": "7u6ulLcZbyxB5Gq0nMkQttcdBTx57ibzw+4IOXEfR+sXYQoHvjW5LTLyNr8O22UIMrqYbchJQJnos4eooYzYJA==",
        "dependencies": {
          "System.Reflection": "4.3.0",
          "System.Runtime": "4.3.0"
        }
      },
      "System.Resources.ResourceManager": {
        "type": "Transitive",
        "resolved": "4.3.0",
        "contentHash": "/zrcPkkWdZmI4F92gL/TPumP98AVDu/Wxr3CSJGQQ+XN6wbRZcyfSKVoPo17ilb3iOr0cCRqJInGwNMolqhS8A==",
        "dependencies": {
          "Microsoft.NETCore.Platforms": "1.1.0",
          "Microsoft.NETCore.Targets": "1.1.0",
          "System.Globalization": "4.3.0",
          "System.Reflection": "4.3.0",
          "System.Runtime": "4.3.0"
        }
      },
      "System.Runtime": {
        "type": "Transitive",
        "resolved": "4.3.0",
        "contentHash": "JufQi0vPQ0xGnAczR13AUFglDyVYt4Kqnz1AZaiKZ5+GICq0/1MH/mO/eAJHt/mHW1zjKBJd7kV26SrxddAhiw==",
        "dependencies": {
          "Microsoft.NETCore.Platforms": "1.1.0",
          "Microsoft.NETCore.Targets": "1.1.0"
        }
      },
      "System.Runtime.CompilerServices.Unsafe": {
        "type": "Transitive",
        "resolved": "4.7.1",
        "contentHash": "zOHkQmzPCn5zm/BH+cxC1XbUS3P4Yoi3xzW7eRgVpDR2tPGSzyMZ17Ig1iRkfJuY0nhxkQQde8pgePNiA7z7TQ=="
      },
      "System.Runtime.Extensions": {
        "type": "Transitive",
        "resolved": "4.3.0",
        "contentHash": "guW0uK0fn5fcJJ1tJVXYd7/1h5F+pea1r7FLSOz/f8vPEqbR2ZAknuRDvTQ8PzAilDveOxNjSfr0CHfIQfFk8g==",
        "dependencies": {
          "Microsoft.NETCore.Platforms": "1.1.0",
          "Microsoft.NETCore.Targets": "1.1.0",
          "System.Runtime": "4.3.0"
        }
      },
      "System.Runtime.Handles": {
        "type": "Transitive",
        "resolved": "4.3.0",
        "contentHash": "OKiSUN7DmTWeYb3l51A7EYaeNMnvxwE249YtZz7yooT4gOZhmTjIn48KgSsw2k2lYdLgTKNJw/ZIfSElwDRVgg==",
        "dependencies": {
          "Microsoft.NETCore.Platforms": "1.1.0",
          "Microsoft.NETCore.Targets": "1.1.0",
          "System.Runtime": "4.3.0"
        }
      },
      "System.Runtime.InteropServices": {
        "type": "Transitive",
        "resolved": "4.3.0",
        "contentHash": "uv1ynXqiMK8mp1GM3jDqPCFN66eJ5w5XNomaK2XD+TuCroNTLFGeZ+WCmBMcBDyTFKou3P6cR6J/QsaqDp7fGQ==",
        "dependencies": {
          "Microsoft.NETCore.Platforms": "1.1.0",
          "Microsoft.NETCore.Targets": "1.1.0",
          "System.Reflection": "4.3.0",
          "System.Reflection.Primitives": "4.3.0",
          "System.Runtime": "4.3.0",
          "System.Runtime.Handles": "4.3.0"
        }
      },
      "System.Text.Encoding": {
        "type": "Transitive",
        "resolved": "4.3.0",
        "contentHash": "BiIg+KWaSDOITze6jGQynxg64naAPtqGHBwDrLaCtixsa5bKiR8dpPOHA7ge3C0JJQizJE+sfkz1wV+BAKAYZw==",
        "dependencies": {
          "Microsoft.NETCore.Platforms": "1.1.0",
          "Microsoft.NETCore.Targets": "1.1.0",
          "System.Runtime": "4.3.0"
        }
      },
      "System.Text.Encoding.CodePages": {
        "type": "Transitive",
        "resolved": "4.5.1",
        "contentHash": "4J2JQXbftjPMppIHJ7IC+VXQ9XfEagN92vZZNoG12i+zReYlim5dMoXFC1Zzg7tsnKDM7JPo5bYfFK4Jheq44w==",
        "dependencies": {
          "Microsoft.NETCore.Platforms": "2.1.2",
          "System.Runtime.CompilerServices.Unsafe": "4.5.2"
        }
      },
      "System.Threading": {
        "type": "Transitive",
        "resolved": "4.3.0",
        "contentHash": "VkUS0kOBcUf3Wwm0TSbrevDDZ6BlM+b/HRiapRFWjM5O0NS0LviG0glKmFK+hhPDd1XFeSdU1GmlLhb2CoVpIw==",
        "dependencies": {
          "System.Runtime": "4.3.0",
          "System.Threading.Tasks": "4.3.0"
        }
      },
      "System.Threading.Channels": {
        "type": "Transitive",
        "resolved": "8.0.0",
        "contentHash": "CMaFr7v+57RW7uZfZkPExsPB6ljwzhjACWW1gfU35Y56rk72B/Wu+sTqxVmGSk4SFUlPc3cjeKND0zktziyjBA=="
      },
      "System.Threading.Tasks": {
        "type": "Transitive",
        "resolved": "4.3.0",
        "contentHash": "LbSxKEdOUhVe8BezB/9uOGGppt+nZf6e1VFyw6v3DN6lqitm0OSn2uXMOdtP0M3W4iMcqcivm2J6UgqiwwnXiA==",
        "dependencies": {
          "Microsoft.NETCore.Platforms": "1.1.0",
          "Microsoft.NETCore.Targets": "1.1.0",
          "System.Runtime": "4.3.0"
        }
      },
      "System.Threading.Tasks.Extensions": {
        "type": "Transitive",
        "resolved": "4.5.4",
        "contentHash": "zteT+G8xuGu6mS+mzDzYXbzS7rd3K6Fjb9RiZlYlJPam2/hU7JCBZBVEcywNuR+oZ1ncTvc/cq0faRr3P01OVg=="
      },
      "Tmds.DBus.Protocol": {
        "type": "Transitive",
        "resolved": "0.15.0",
        "contentHash": "QVo/Y39nTYcCKBqrZuwHjXdwaky0yTQPIT3qUTEEK2MZfDtZWrJ2XyZ59zH8LBgB2fL5cWaTuP2pBTpGz/GeDQ==",
        "dependencies": {
          "System.IO.Pipelines": "6.0.0"
        }
      },
      "taustellwerk.base": {
        "type": "Project",
        "dependencies": {
          "FluentResults": "[3.16.0, )",
          "JetBrains.Annotations": "[2024.2.0, )",
          "TauStellwerk.Util": "[1.0.0, )"
        }
      },
      "taustellwerk.client": {
        "type": "Project",
        "dependencies": {
          "CommunityToolkit.Mvvm": "[8.2.2, )",
          "JetBrains.Annotations": "[2024.2.0, )",
          "Microsoft.AspNetCore.SignalR.Client": "[8.0.8, )",
          "TauStellwerk.Base": "[1.0.0, )",
          "TauStellwerk.Util": "[1.0.0, )"
        }
      },
      "taustellwerk.util": {
        "type": "Project",
        "dependencies": {
          "JetBrains.Annotations": "[2024.2.0, )"
        }
      }
    }
  }
}