{
  "version": 1,
  "dependencies": {
    "net8.0": {
      "Avalonia": {
        "type": "Direct",
        "requested": "[11.1.1, )",
        "resolved": "11.1.1",
        "contentHash": "DMMmA4iqLBQxqED5/VmDyBEq3Q5ufhjFDxFpotlrAosSA7o0q4Nl4kH/TVVwW7RFxboMKH0GJbygkICJmYRxMQ==",
        "dependencies": {
          "Avalonia.BuildServices": "0.0.29",
          "Avalonia.Remote.Protocol": "11.1.1",
          "MicroCom.Runtime": "0.11.0"
        }
      },
      "Avalonia.Desktop": {
        "type": "Direct",
        "requested": "[11.1.1, )",
        "resolved": "11.1.1",
        "contentHash": "quiRZWRIJ+Udj9BYmUMdq0CMHvSrcnvOYJmh+d+1hzw5CrPzMtLjisLuTaRa3vor1BHxSgz4CtCgRR50V9H9bw==",
        "dependencies": {
          "Avalonia": "11.1.1",
          "Avalonia.Native": "11.1.1",
          "Avalonia.Skia": "11.1.1",
          "Avalonia.Win32": "11.1.1",
          "Avalonia.X11": "11.1.1"
        }
      },
      "Avalonia.Diagnostics": {
        "type": "Direct",
        "requested": "[11.1.1, )",
        "resolved": "11.1.1",
        "contentHash": "Bds4bhXqM/Fh0tNOiUawRStgDrO8hkHYzjn3alYfUChkMbZZSUh9hyHU7yPhRgOkNv3SFkA5iFXRmu7N/pdYzw==",
        "dependencies": {
          "Avalonia": "11.1.1",
          "Avalonia.Controls.ColorPicker": "11.1.1",
          "Avalonia.Controls.DataGrid": "11.1.1",
          "Avalonia.Themes.Simple": "11.1.1"
        }
      },
      "Avalonia.Fonts.Inter": {
        "type": "Direct",
        "requested": "[11.1.1, )",
        "resolved": "11.1.1",
        "contentHash": "eDptGWgQkgqtlnIKHWq6wE1RQchu237W4cWdx0NM0glqHbjmZV2r+8XmSaX6QhSf+P17yaxrOXf2iAwCKTg62w==",
        "dependencies": {
          "Avalonia": "11.1.1"
        }
      },
      "Microsoft.Extensions.Localization": {
        "type": "Direct",
        "requested": "[8.0.7, )",
        "resolved": "8.0.7",
        "contentHash": "kdI24IfC1Jk3zfhWvYmuzvkzuKp+5Shjmfq0vk6EKBB+Udt4Gu1SkVSkMWJkYZFag+ndd+sTroUKDC/sud/DYQ==",
        "dependencies": {
          "Microsoft.Extensions.DependencyInjection.Abstractions": "8.0.1",
          "Microsoft.Extensions.Localization.Abstractions": "8.0.7",
          "Microsoft.Extensions.Logging.Abstractions": "8.0.1",
          "Microsoft.Extensions.Options": "8.0.2"
        }
      },
      "Microsoft.NET.ILLink.Tasks": {
        "type": "Direct",
        "requested": "[8.0.7, )",
        "resolved": "8.0.7",
        "contentHash": "iI52ptEKby2ymQ6B7h4TWbFmm85T4VvLgc/HvS45Yr3lgi4IIFbQtjON3bQbX/Vc94jXNSLvrDOp5Kh7SJyFYQ=="
      },
      "Nerdbank.GitVersioning": {
        "type": "Direct",
        "requested": "[3.6.139, )",
        "resolved": "3.6.139",
        "contentHash": "rq0Ub/Jik7PtMtZtLn0tHuJ01Yt36RQ+eeBe+S7qnJ/EFOX6D4T9zuYD3vQPYKGI6Ro4t2iWgFm3fGDgjBrMfg=="
      },
      "Semi.Avalonia": {
        "type": "Direct",
        "requested": "[11.1.0, )",
        "resolved": "11.1.0",
        "contentHash": "33idPbd167KILZLqACnIUIQ7BJ1UMSAs2VghGbFwtp1dMrgS/HubvVPCQ1BEpp7FPZ1zUr4/FLQZRTT4gYeqoA==",
        "dependencies": {
          "Avalonia": "11.1.0"
        }
      },
      "Splat": {
        "type": "Direct",
        "requested": "[15.1.1, )",
        "resolved": "15.1.1",
        "contentHash": "RHDTdF90FwVbRia2cmuIzkiVoETqnXSB2dDBBi/I35HWXqv4OKGqoMcfcd6obMvO2OmmY5PjU1M62K8LkJafAA=="
      },
      "Avalonia.Angle.Windows.Natives": {
        "type": "Transitive",
        "resolved": "2.1.22045.20230930",
        "contentHash": "Bo3qOhKC1b84BIhiogndMdAzB3UrrESKK7hS769f5HWeoMw/pcd42US5KFYW2JJ4ZSTrXnP8mXwLTMzh+S+9Lg=="
      },
      "Avalonia.BuildServices": {
        "type": "Transitive",
        "resolved": "0.0.29",
        "contentHash": "U4eJLQdoDNHXtEba7MZUCwrBErBTxFp6sUewXBOdAhU0Kwzwaa/EKFcYm8kpcysjzKtfB4S0S9n0uxKZFz/ikw=="
      },
      "Avalonia.Controls.ColorPicker": {
        "type": "Transitive",
        "resolved": "11.1.1",
        "contentHash": "1CEA/Ve2e0FXFbpDUEH2o/aLi+mffTYznBPqQCLQw/+pwOrpsPtTdVR3QN2H9UV7jfwpEbjGnp5YcTuRXfyctQ==",
        "dependencies": {
          "Avalonia": "11.1.1",
          "Avalonia.Remote.Protocol": "11.1.1"
        }
      },
      "Avalonia.Controls.DataGrid": {
        "type": "Transitive",
        "resolved": "11.1.1",
        "contentHash": "GF+NxaEESwBF6LLXkHrz2btLvxf9lhaT0BKQDAUUHY3OP6rLKVpDr/+AuP5XKoLEDPPwoUJ/qbi3oPA+DcQadg==",
        "dependencies": {
          "Avalonia": "11.1.1",
          "Avalonia.Remote.Protocol": "11.1.1"
        }
      },
      "Avalonia.FreeDesktop": {
        "type": "Transitive",
        "resolved": "11.1.1",
        "contentHash": "BO1O2zl64Jr8nGDSa0SRgN1FmkVyT4Pz55wEneyEY+cmBmdq22D/jyDuF0J4Ibv/iekso344LuVGOd2hPQ/DKg==",
        "dependencies": {
          "Avalonia": "11.1.1",
          "Tmds.DBus.Protocol": "0.16.0"
        }
      },
      "Avalonia.Native": {
        "type": "Transitive",
        "resolved": "11.1.1",
        "contentHash": "KFLbz9KH0tOoQlpl563gmVM0r6YqPRML9BGdPk8dWDFhqNfjtltyydAlH2agpAuaz1HntkZBwmP42l1IRs+zsA==",
        "dependencies": {
          "Avalonia": "11.1.1"
        }
      },
      "Avalonia.Remote.Protocol": {
        "type": "Transitive",
        "resolved": "11.1.1",
        "contentHash": "sqNJZ4MjDBXkV2vNQXEKyqGpUiwRbPycvGLhheGuZwABoLWV6syoCdrO2uuhDfTw5eVAC3J0farYo4m0BVRYng=="
      },
      "Avalonia.Skia": {
        "type": "Transitive",
        "resolved": "11.1.1",
        "contentHash": "8p5LLiNxu0JaTiDEln9rIXUnxZolP9I352BNh/YouvAhfmDeSoM/ACl6bD/wPTghejGb2JSYyo2TKfMQ30hXGA==",
        "dependencies": {
          "Avalonia": "11.1.1",
          "HarfBuzzSharp": "7.3.0.2",
          "HarfBuzzSharp.NativeAssets.Linux": "7.3.0.2",
          "HarfBuzzSharp.NativeAssets.WebAssembly": "7.3.0.2",
          "SkiaSharp": "2.88.8",
          "SkiaSharp.NativeAssets.Linux": "2.88.8",
          "SkiaSharp.NativeAssets.WebAssembly": "2.88.8"
        }
      },
      "Avalonia.Themes.Simple": {
        "type": "Transitive",
        "resolved": "11.1.1",
        "contentHash": "7c3b+b3NCnpHsDTxWKd4+Mds/dBLn6znnzBC87pIApA34t8gtiygqz/gsOyJX6w/7hlJOFATkAaxlk8zQvrRbw==",
        "dependencies": {
          "Avalonia": "11.1.1"
        }
      },
      "Avalonia.Win32": {
        "type": "Transitive",
        "resolved": "11.1.1",
        "contentHash": "Um8oRdOF5odsVRSr2ZiF4gLMpRLww1qXe5yFlPjz7w5tApOR61xbVcYiyNVFCFwpNUK5RyEhawbQBq6+ijLopg==",
        "dependencies": {
          "Avalonia": "11.1.1",
          "Avalonia.Angle.Windows.Natives": "2.1.22045.20230930",
          "System.Numerics.Vectors": "4.5.0"
        }
      },
      "Avalonia.X11": {
        "type": "Transitive",
        "resolved": "11.1.1",
        "contentHash": "0GWrpzYzaknpxIDot6/Fs47ncIpg91NKZLbRBS83BMSjyeP0DNuL0Fm2cBhcynS18MDUD1t+K9vyd53cH74zZg==",
        "dependencies": {
          "Avalonia": "11.1.1",
          "Avalonia.FreeDesktop": "11.1.1",
          "Avalonia.Skia": "11.1.1"
        }
      },
      "CommunityToolkit.Mvvm": {
        "type": "Transitive",
        "resolved": "8.2.2",
        "contentHash": "r0g0k9tGYdrnz8R7T3x5UiokDffeevzK/2P/9SBL6fqLgN8B157MIi/bVUWI1KAz6ZorZrK9AdABCWUeXZZsvA=="
      },
      "FluentResults": {
        "type": "Transitive",
        "resolved": "3.16.0",
        "contentHash": "VWacGzOyN9k7LOKqiNLnFvqTDLbFvepHlINdM3pPTD0YWI+a+VW/Q9gcx4gmJDpDZ32cAsczz5vmRjLCL5UOhA==",
        "dependencies": {
          "Microsoft.Extensions.Logging.Abstractions": "2.1.1",
          "System.Threading.Tasks.Extensions": "4.5.4"
        }
      },
      "HarfBuzzSharp": {
        "type": "Transitive",
        "resolved": "7.3.0.2",
        "contentHash": "0tCd6HyCmNsX/DniCp2b00fo0xPbdNwKOs9BxxyT8oOOuMlWjcSFwzONKyeckCKVBFEsbSmsAHPDTqxoSDwZMg==",
        "dependencies": {
          "HarfBuzzSharp.NativeAssets.Win32": "7.3.0.2",
          "HarfBuzzSharp.NativeAssets.macOS": "7.3.0.2"
        }
      },
      "HarfBuzzSharp.NativeAssets.Linux": {
        "type": "Transitive",
        "resolved": "7.3.0.2",
        "contentHash": "aKa5J1RqjXKAtdcZJp5wjC78klfBIzJHM6CneN76lFmQ9LLRJA9Oa0TkIDaV8lVLDKMAy5fCKHXFlXUK1YfL/g==",
        "dependencies": {
          "HarfBuzzSharp": "7.3.0.2"
        }
      },
      "HarfBuzzSharp.NativeAssets.macOS": {
        "type": "Transitive",
        "resolved": "7.3.0.2",
        "contentHash": "nycYH/WLJ6ogm+I+QSFCdPJsdxSb5GANWYbQyp1vsd/KjXN56RVUJWPhbgP2GKb/Y7mrsHM7EProqVXlO/EMsA=="
      },
      "HarfBuzzSharp.NativeAssets.WebAssembly": {
        "type": "Transitive",
        "resolved": "7.3.0.2",
        "contentHash": "pR6H16NOAjIhfXomYsgN5anGbOHSfIA8z0RoWEVx8vgLySxz9Jie4DnQ/paWTh5MTtBC8XKkTUI7uKMXcq/Pxw=="
      },
      "HarfBuzzSharp.NativeAssets.Win32": {
        "type": "Transitive",
        "resolved": "7.3.0.2",
        "contentHash": "DpF9JBzwws2dupOLnjME65hxQWWbN/GD40AoTkwB4S05WANvxo3n81AnQJKxWDCnrWfWhLPB36OF27TvEqzb/A=="
      },
      "JetBrains.Annotations": {
        "type": "Transitive",
        "resolved": "2024.2.0",
        "contentHash": "GNnqCFW/163p1fOehKx0CnAqjmpPrUSqrgfHM6qca+P+RN39C9rhlfZHQpJhxmQG/dkOYe/b3Z0P8b6Kv5m1qw=="
      },
      "MicroCom.Runtime": {
        "type": "Transitive",
        "resolved": "0.11.0",
        "contentHash": "MEnrZ3UIiH40hjzMDsxrTyi8dtqB5ziv3iBeeU4bXsL/7NLSal9F1lZKpK+tfBRnUoDSdtcW3KufE4yhATOMCA=="
      },
      "Microsoft.AspNetCore.Connections.Abstractions": {
        "type": "Transitive",
        "resolved": "8.0.7",
        "contentHash": "pC+gXphE1PQN7VDf+h6NDrQM78ral6vs77AMI1he9E9gCJU1R/djR1EMB6TzJeQwEhKZ4vg1CS3yYdNCbKJDiw==",
        "dependencies": {
          "Microsoft.Extensions.Features": "8.0.7",
          "System.IO.Pipelines": "8.0.0"
        }
      },
      "Microsoft.AspNetCore.Http.Connections.Client": {
        "type": "Transitive",
        "resolved": "8.0.7",
        "contentHash": "BBpi7p+yMhvt1puBWmWyEaI5hDhWEJyRFuoZ79L+p/oHH5Y7Ela6eaQUHK1YGFEao3Tt1tkZUPNwwXr5Wtq3dA==",
        "dependencies": {
          "Microsoft.AspNetCore.Http.Connections.Common": "8.0.7",
          "Microsoft.Extensions.Logging.Abstractions": "8.0.1",
          "Microsoft.Extensions.Options": "8.0.2"
        }
      },
      "Microsoft.AspNetCore.Http.Connections.Common": {
        "type": "Transitive",
        "resolved": "8.0.7",
        "contentHash": "tGEDK4KArofTm623pPeWaUA4Dm7NgtISDlPeOXribyVLHmHv/1uXp5j/nOjAN4nd/oihzDEuguaIUsoWu/Bxnw==",
        "dependencies": {
          "Microsoft.AspNetCore.Connections.Abstractions": "8.0.7"
        }
      },
      "Microsoft.AspNetCore.SignalR.Client": {
        "type": "Transitive",
        "resolved": "8.0.7",
        "contentHash": "NKg0u9FMwIFMB6ZCZy78tfuHCWAM9bnGUQ0UpcN9wCYPnWTySEKJjX0D0nwfG11ZAipZMDYxRq2mcRF9l409UA==",
        "dependencies": {
          "Microsoft.AspNetCore.Http.Connections.Client": "8.0.7",
          "Microsoft.AspNetCore.SignalR.Client.Core": "8.0.7"
        }
      },
      "Microsoft.AspNetCore.SignalR.Client.Core": {
        "type": "Transitive",
        "resolved": "8.0.7",
        "contentHash": "YMuhYv5U5RXyhsDHM1d6T+blItpZULNk84TmNK7kZ3q8cO11Eo1Cp1iDx0W3fVo5Z1m5DAOiENv9KC+G76MG/Q==",
        "dependencies": {
          "Microsoft.AspNetCore.SignalR.Common": "8.0.7",
          "Microsoft.AspNetCore.SignalR.Protocols.Json": "8.0.7",
          "Microsoft.Extensions.DependencyInjection": "8.0.0",
          "Microsoft.Extensions.Logging": "8.0.0",
          "System.Threading.Channels": "8.0.0"
        }
      },
      "Microsoft.AspNetCore.SignalR.Common": {
        "type": "Transitive",
        "resolved": "8.0.7",
        "contentHash": "ZvnsR+vFjP/XgK0Xa9n71N5qeQn4+uzB8UTsS+nEh+KPbxQScAGf6xrifLNJMQUuPqrZF6kJchtpoRET2v+KDw==",
        "dependencies": {
          "Microsoft.AspNetCore.Connections.Abstractions": "8.0.7",
          "Microsoft.Extensions.Options": "8.0.2"
        }
      },
      "Microsoft.AspNetCore.SignalR.Protocols.Json": {
        "type": "Transitive",
        "resolved": "8.0.7",
        "contentHash": "A7f54ujaJi1SHK3SRxg4fAp0dswnsCo1QYLDxJEdzlQF7PV4AGB0h8NhrPYGmV9AVXg84WCoA7p9eFRkci7OQA==",
        "dependencies": {
          "Microsoft.AspNetCore.SignalR.Common": "8.0.7"
        }
      },
      "Microsoft.Extensions.DependencyInjection": {
        "type": "Transitive",
        "resolved": "8.0.0",
        "contentHash": "V8S3bsm50ig6JSyrbcJJ8bW2b9QLGouz+G1miK3UTaOWmMtFwNNNzUf4AleyDWUmTrWMLNnFSLEQtxmxgNQnNQ==",
        "dependencies": {
          "Microsoft.Extensions.DependencyInjection.Abstractions": "8.0.0"
        }
      },
      "Microsoft.Extensions.DependencyInjection.Abstractions": {
        "type": "Transitive",
        "resolved": "8.0.1",
        "contentHash": "fGLiCRLMYd00JYpClraLjJTNKLmMJPnqxMaiRzEBIIvevlzxz33mXy39Lkd48hu1G+N21S7QpaO5ZzKsI6FRuA=="
      },
      "Microsoft.Extensions.Features": {
        "type": "Transitive",
        "resolved": "8.0.7",
        "contentHash": "807p0VEIqDArkcAtfNGjFA565pGphcdR6a8nqD0+0A7e/dvODc7T7DsumKr/hGQ55AyH4nETxsNIP1aNVBH1ag=="
      },
      "Microsoft.Extensions.Localization.Abstractions": {
        "type": "Transitive",
        "resolved": "8.0.7",
        "contentHash": "uCsxqBBJEsSoV52tX/v+bxxN0e1O8WYIRR7tmcEmVVkRSX+0k4ZJcaL79ddus+0HIm3ssjV/dJk56XufDrGDqg=="
      },
      "Microsoft.Extensions.Logging": {
        "type": "Transitive",
        "resolved": "8.0.0",
        "contentHash": "tvRkov9tAJ3xP51LCv3FJ2zINmv1P8Hi8lhhtcKGqM+ImiTCC84uOPEI4z8Cdq2C3o9e+Aa0Gw0rmrsJD77W+w==",
        "dependencies": {
          "Microsoft.Extensions.DependencyInjection": "8.0.0",
          "Microsoft.Extensions.Logging.Abstractions": "8.0.0",
          "Microsoft.Extensions.Options": "8.0.0"
        }
      },
      "Microsoft.Extensions.Logging.Abstractions": {
        "type": "Transitive",
        "resolved": "8.0.1",
        "contentHash": "RIFgaqoaINxkM2KTOw72dmilDmTrYA0ns2KW4lDz4gZ2+o6IQ894CzmdL3StM2oh7QQq44nCWiqKqc4qUI9Jmg==",
        "dependencies": {
          "Microsoft.Extensions.DependencyInjection.Abstractions": "8.0.1"
        }
      },
      "Microsoft.Extensions.Options": {
        "type": "Transitive",
        "resolved": "8.0.2",
        "contentHash": "dWGKvhFybsaZpGmzkGCbNNwBD1rVlWzrZKANLW/CcbFJpCEceMCGzT7zZwHOGBCbwM0SzBuceMj5HN1LKV1QqA==",
        "dependencies": {
          "Microsoft.Extensions.DependencyInjection.Abstractions": "8.0.0",
          "Microsoft.Extensions.Primitives": "8.0.0"
        }
      },
      "Microsoft.Extensions.Primitives": {
        "type": "Transitive",
        "resolved": "8.0.0",
        "contentHash": "bXJEZrW9ny8vjMF1JV253WeLhpEVzFo1lyaZu1vQ4ZxWUlVvknZ/+ftFgVheLubb4eZPSwwxBeqS1JkCOjxd8g=="
      },
      "SkiaSharp": {
        "type": "Transitive",
        "resolved": "2.88.8",
        "contentHash": "bRkp3uKp5ZI8gXYQT57uKwil1uobb2p8c69n7v5evlB/2JNcMAXVcw9DZAP5Ig3WSvgzGm2YSn27UVeOi05NlA==",
        "dependencies": {
          "SkiaSharp.NativeAssets.Win32": "2.88.8",
          "SkiaSharp.NativeAssets.macOS": "2.88.8"
        }
      },
      "SkiaSharp.NativeAssets.Linux": {
        "type": "Transitive",
        "resolved": "2.88.8",
        "contentHash": "0FO6YA7paNFBMJULvEyecPmCvL9/STvOAi5VOUw2srqJ7pNTbiiZkfl7sulAzcumbWgfzaVjRXYTgMj7SoUnWQ==",
        "dependencies": {
          "SkiaSharp": "2.88.8"
        }
      },
      "SkiaSharp.NativeAssets.macOS": {
        "type": "Transitive",
        "resolved": "2.88.8",
        "contentHash": "6Kn5TSkKlfyS6azWHF3Jk2sW5C4jCE5uSshM/5AbfFrR+5n6qM5XEnz9h4VaVl7LTxBvHvMkuPb/3bpbq0vxTw=="
      },
      "SkiaSharp.NativeAssets.WebAssembly": {
        "type": "Transitive",
        "resolved": "2.88.8",
        "contentHash": "S3qRo8c+gVYOyfrdf6FYnjx/ft+gPkb4dNY2IPv5Oy5yNBhDhXhKqHFr9h4+ne6ZU+7D4dbuRQqsIqCo8u1/DA=="
      },
      "SkiaSharp.NativeAssets.Win32": {
        "type": "Transitive",
        "resolved": "2.88.8",
        "contentHash": "O9QXoWEXA+6cweR4h3BOnwMz+pO9vL9mXdjLrpDd0w1QzCgWmLQBxa1VgySDITiH7nQndrDG1h6937zm9pLj1Q=="
      },
      "System.IO.Pipelines": {
        "type": "Transitive",
        "resolved": "8.0.0",
        "contentHash": "FHNOatmUq0sqJOkTx+UF/9YK1f180cnW5FVqnQMvYUN0elp6wFzbtPSiqbo1/ru8ICp43JM1i7kKkk6GsNGHlA=="
      },
      "System.Numerics.Vectors": {
        "type": "Transitive",
        "resolved": "4.5.0",
        "contentHash": "QQTlPTl06J/iiDbJCiepZ4H//BVraReU4O4EoRw1U02H5TLUIT7xn3GnDp9AXPSlJUDyFs4uWjWafNX6WrAojQ=="
      },
      "System.Threading.Channels": {
        "type": "Transitive",
        "resolved": "8.0.0",
        "contentHash": "CMaFr7v+57RW7uZfZkPExsPB6ljwzhjACWW1gfU35Y56rk72B/Wu+sTqxVmGSk4SFUlPc3cjeKND0zktziyjBA=="
      },
      "System.Threading.Tasks.Extensions": {
        "type": "Transitive",
        "resolved": "4.5.4",
        "contentHash": "zteT+G8xuGu6mS+mzDzYXbzS7rd3K6Fjb9RiZlYlJPam2/hU7JCBZBVEcywNuR+oZ1ncTvc/cq0faRr3P01OVg=="
      },
      "Tmds.DBus.Protocol": {
        "type": "Transitive",
        "resolved": "0.16.0",
        "contentHash": "9Ne9AvrRWrDQvzbMcbTz3EaGRE1vQmkeeu0Xp7Ii0Wdlhwfjst8FDRas+RBslU5kdPWs2aeMLErzyT1DwH9zeA==",
        "dependencies": {
          "System.IO.Pipelines": "6.0.0"
        }
      },
      "taustellwerk.base": {
        "type": "Project",
        "dependencies": {
          "FluentResults": "[3.16.0, )",
          "JetBrains.Annotations": "[2024.2.0, )",
          "TauStellwerk.Util": "[1.0.0, )"
        }
      },
      "taustellwerk.client": {
        "type": "Project",
        "dependencies": {
          "CommunityToolkit.Mvvm": "[8.2.2, )",
          "JetBrains.Annotations": "[2024.2.0, )",
          "Microsoft.AspNetCore.SignalR.Client": "[8.0.7, )",
          "TauStellwerk.Base": "[1.0.0, )",
          "TauStellwerk.Util": "[1.0.0, )"
        }
      },
      "taustellwerk.util": {
        "type": "Project",
        "dependencies": {
          "JetBrains.Annotations": "[2024.2.0, )"
        }
      }
    }
  }
}