{
  "version": 1,
  "dependencies": {
    "net8.0": {
      "coverlet.collector": {
        "type": "Direct",
        "requested": "[6.0.2, )",
        "resolved": "6.0.2",
        "contentHash": "bJShQ6uWRTQ100ZeyiMqcFlhP7WJ+bCuabUs885dJiBEzMsJMSFr7BOyeCw4rgvQokteGi5rKQTlkhfQPUXg2A=="
      },
      "FluentAssertions": {
        "type": "Direct",
        "requested": "[6.12.0, )",
        "resolved": "6.12.0",
        "contentHash": "ZXhHT2YwP9lajrwSKbLlFqsmCCvFJMoRSK9t7sImfnCyd0OB3MhgxdoMcVqxbq1iyxD6mD2fiackWmBb7ayiXQ==",
        "dependencies": {
          "System.Configuration.ConfigurationManager": "4.4.0"
        }
      },
      "Microsoft.AspNetCore.Mvc.Testing": {
        "type": "Direct",
        "requested": "[8.0.7, )",
        "resolved": "8.0.7",
        "contentHash": "dh7J7O5ZbNix3tpRi5CTAD89yFD8jl374B42/tD5sp3MFXA0KSaDMm+3XU0EqE2l8sVJlV2//FnDkK1LCcXuCA==",
        "dependencies": {
          "Microsoft.AspNetCore.TestHost": "8.0.7",
          "Microsoft.Extensions.DependencyModel": "8.0.1",
          "Microsoft.Extensions.Hosting": "8.0.0"
        }
      },
      "Microsoft.NET.Test.Sdk": {
        "type": "Direct",
        "requested": "[17.10.0, )",
        "resolved": "17.10.0",
        "contentHash": "0/2HeACkaHEYU3wc83YlcD2Fi4LMtECJjqrtvw0lPi9DCEa35zSPt1j4fuvM8NagjDqJuh1Ja35WcRtn1Um6/A==",
        "dependencies": {
          "Microsoft.CodeCoverage": "17.10.0",
          "Microsoft.TestPlatform.TestHost": "17.10.0"
        }
      },
      "Nerdbank.GitVersioning": {
        "type": "Direct",
        "requested": "[3.6.139, )",
        "resolved": "3.6.139",
        "contentHash": "rq0Ub/Jik7PtMtZtLn0tHuJ01Yt36RQ+eeBe+S7qnJ/EFOX6D4T9zuYD3vQPYKGI6Ro4t2iWgFm3fGDgjBrMfg=="
      },
      "NUnit": {
        "type": "Direct",
        "requested": "[4.1.0, )",
        "resolved": "4.1.0",
        "contentHash": "MT/DpAhjtiytzhTgTqIhBuWx4y26PKfDepYUHUM+5uv4TsryHC2jwFo5e6NhWkApCm/G6kZ80dRjdJFuAxq3rg=="
      },
      "NUnit3TestAdapter": {
        "type": "Direct",
        "requested": "[4.6.0, )",
        "resolved": "4.6.0",
        "contentHash": "R7e1+a4vuV/YS+ItfL7f//rG+JBvVeVLX4mHzFEZo4W1qEKl8Zz27AqvQSAqo+BtIzUCo4aAJMYa56VXS4hudw=="
      },
      "Castle.Core": {
        "type": "Transitive",
        "resolved": "5.1.1",
        "contentHash": "rpYtIczkzGpf+EkZgDr9CClTdemhsrwA/W5hMoPjLkRFnXzH44zDLoovXeKtmxb1ykXK9aJVODSpiJml8CTw2g==",
        "dependencies": {
          "System.Diagnostics.EventLog": "6.0.0"
        }
      },
      "CommandLineParser": {
        "type": "Transitive",
        "resolved": "2.9.1",
        "contentHash": "OE0sl1/sQ37bjVsPKKtwQlWDgqaxWgtme3xZz7JssWUzg5JpMIyHgCTY9MVMxOg48fJ1AgGT3tgdH5m/kQ5xhA=="
      },
      "CommunityToolkit.Mvvm": {
        "type": "Transitive",
        "resolved": "8.2.2",
        "contentHash": "r0g0k9tGYdrnz8R7T3x5UiokDffeevzK/2P/9SBL6fqLgN8B157MIi/bVUWI1KAz6ZorZrK9AdABCWUeXZZsvA=="
      },
      "FluentResults": {
        "type": "Transitive",
        "resolved": "3.16.0",
        "contentHash": "VWacGzOyN9k7LOKqiNLnFvqTDLbFvepHlINdM3pPTD0YWI+a+VW/Q9gcx4gmJDpDZ32cAsczz5vmRjLCL5UOhA==",
        "dependencies": {
          "Microsoft.Extensions.Logging.Abstractions": "2.1.1",
          "System.Threading.Tasks.Extensions": "4.5.4"
        }
      },
      "JetBrains.Annotations": {
        "type": "Transitive",
        "resolved": "2024.2.0",
        "contentHash": "GNnqCFW/163p1fOehKx0CnAqjmpPrUSqrgfHM6qca+P+RN39C9rhlfZHQpJhxmQG/dkOYe/b3Z0P8b6Kv5m1qw=="
      },
      "Microsoft.AspNetCore.Authorization": {
        "type": "Transitive",
        "resolved": "8.0.7",
        "contentHash": "Oz8BvQ1iYwOTH5QcT5I+EGphgJbqCGuBRDk1BK7Hscx1xC8Bg6H0rtYcmiWdNn/cZ4Uu5FMr6z46sEZSSZ6ycw==",
        "dependencies": {
          "Microsoft.AspNetCore.Metadata": "8.0.7",
          "Microsoft.Extensions.Logging.Abstractions": "8.0.1",
          "Microsoft.Extensions.Options": "8.0.2"
        }
      },
      "Microsoft.AspNetCore.Components": {
        "type": "Transitive",
        "resolved": "8.0.7",
        "contentHash": "rXAeBI1NpcqZ0s+LkVxe3zVJqow8GXZyTkw2pThnh/IWz/qsZshU8rve/23EXN14+l+7b3Ragt0JSO8+iwcMUw==",
        "dependencies": {
          "Microsoft.AspNetCore.Authorization": "8.0.7",
          "Microsoft.AspNetCore.Components.Analyzers": "8.0.7"
        }
      },
      "Microsoft.AspNetCore.Components.Analyzers": {
        "type": "Transitive",
        "resolved": "8.0.7",
        "contentHash": "S186J2WX2+7wM43u1kJ/BGy2fndKCSe6Swhd2f3xKr0p5VcQUUsQMhkWslmpXuNTQlZyeNw1w6IWXbzQoU347Q=="
      },
      "Microsoft.AspNetCore.Components.Forms": {
        "type": "Transitive",
        "resolved": "8.0.7",
        "contentHash": "W6B1ARyh+vOtBbAYap1ekDIA+8U3N6hwnli6gG3WYAOmC+4bFlbfpoVoQvpLVTaFH2CSCwEM4NAA16dmTFv3kA==",
        "dependencies": {
          "Microsoft.AspNetCore.Components": "8.0.7"
        }
      },
      "Microsoft.AspNetCore.Components.Web": {
        "type": "Transitive",
        "resolved": "8.0.7",
        "contentHash": "InawfVQAvvxHZYiaHfMgdZge6Dc7wdFFAQDhgYKO6Ezh3cm+STVHATlR4nygZAV4df58AG3rhZ0uuv7EPXvPMA==",
        "dependencies": {
          "Microsoft.AspNetCore.Components": "8.0.7",
          "Microsoft.AspNetCore.Components.Forms": "8.0.7",
          "Microsoft.Extensions.DependencyInjection": "8.0.0",
          "Microsoft.Extensions.Primitives": "8.0.0",
          "Microsoft.JSInterop": "8.0.7",
          "System.IO.Pipelines": "8.0.0"
        }
      },
      "Microsoft.AspNetCore.Components.WebAssembly": {
        "type": "Transitive",
        "resolved": "8.0.7",
        "contentHash": "TjHtnUxrNYS6iu4y39DYUBziDvtMW+dKKdK3xU8uTdkcAKbJAuwoDKufteeZYRyBiEr9uDlhLH35ylth0YJMcQ==",
        "dependencies": {
          "Microsoft.AspNetCore.Components.Web": "8.0.7",
          "Microsoft.Extensions.Configuration.Binder": "8.0.2",
          "Microsoft.Extensions.Configuration.Json": "8.0.0",
          "Microsoft.Extensions.Logging": "8.0.0",
          "Microsoft.JSInterop.WebAssembly": "8.0.7"
        }
      },
      "Microsoft.AspNetCore.Components.WebAssembly.Server": {
        "type": "Transitive",
        "resolved": "8.0.7",
        "contentHash": "vgzkvrcVDOMhWJR3VYs6I5hN/CGXAZxoxWFzacr1YBZR82Q7dKxYa9LbkO3aBrcV4m0OAW4N4TSexYI21rgVJg=="
      },
      "Microsoft.AspNetCore.Connections.Abstractions": {
        "type": "Transitive",
        "resolved": "8.0.7",
        "contentHash": "pC+gXphE1PQN7VDf+h6NDrQM78ral6vs77AMI1he9E9gCJU1R/djR1EMB6TzJeQwEhKZ4vg1CS3yYdNCbKJDiw==",
        "dependencies": {
          "Microsoft.Extensions.Features": "8.0.7",
          "System.IO.Pipelines": "8.0.0"
        }
      },
      "Microsoft.AspNetCore.Http.Connections.Client": {
        "type": "Transitive",
        "resolved": "8.0.7",
        "contentHash": "BBpi7p+yMhvt1puBWmWyEaI5hDhWEJyRFuoZ79L+p/oHH5Y7Ela6eaQUHK1YGFEao3Tt1tkZUPNwwXr5Wtq3dA==",
        "dependencies": {
          "Microsoft.AspNetCore.Http.Connections.Common": "8.0.7",
          "Microsoft.Extensions.Logging.Abstractions": "8.0.1",
          "Microsoft.Extensions.Options": "8.0.2"
        }
      },
      "Microsoft.AspNetCore.Http.Connections.Common": {
        "type": "Transitive",
        "resolved": "8.0.7",
        "contentHash": "tGEDK4KArofTm623pPeWaUA4Dm7NgtISDlPeOXribyVLHmHv/1uXp5j/nOjAN4nd/oihzDEuguaIUsoWu/Bxnw==",
        "dependencies": {
          "Microsoft.AspNetCore.Connections.Abstractions": "8.0.7"
        }
      },
      "Microsoft.AspNetCore.Metadata": {
        "type": "Transitive",
        "resolved": "8.0.7",
        "contentHash": "CD5PNOSnOh3XcqZaaxp0uENK4WTFifSkhWkuO9dQ/Mo7gpXwAMvrfwdqW2T7Z4YS+VXuka7Gf70f29HND9oQ3w=="
      },
      "Microsoft.AspNetCore.SignalR.Client": {
        "type": "Transitive",
        "resolved": "8.0.7",
        "contentHash": "NKg0u9FMwIFMB6ZCZy78tfuHCWAM9bnGUQ0UpcN9wCYPnWTySEKJjX0D0nwfG11ZAipZMDYxRq2mcRF9l409UA==",
        "dependencies": {
          "Microsoft.AspNetCore.Http.Connections.Client": "8.0.7",
          "Microsoft.AspNetCore.SignalR.Client.Core": "8.0.7"
        }
      },
      "Microsoft.AspNetCore.SignalR.Client.Core": {
        "type": "Transitive",
        "resolved": "8.0.7",
        "contentHash": "YMuhYv5U5RXyhsDHM1d6T+blItpZULNk84TmNK7kZ3q8cO11Eo1Cp1iDx0W3fVo5Z1m5DAOiENv9KC+G76MG/Q==",
        "dependencies": {
          "Microsoft.AspNetCore.SignalR.Common": "8.0.7",
          "Microsoft.AspNetCore.SignalR.Protocols.Json": "8.0.7",
          "Microsoft.Extensions.DependencyInjection": "8.0.0",
          "Microsoft.Extensions.Logging": "8.0.0",
          "System.Threading.Channels": "8.0.0"
        }
      },
      "Microsoft.AspNetCore.SignalR.Common": {
        "type": "Transitive",
        "resolved": "8.0.7",
        "contentHash": "ZvnsR+vFjP/XgK0Xa9n71N5qeQn4+uzB8UTsS+nEh+KPbxQScAGf6xrifLNJMQUuPqrZF6kJchtpoRET2v+KDw==",
        "dependencies": {
          "Microsoft.AspNetCore.Connections.Abstractions": "8.0.7",
          "Microsoft.Extensions.Options": "8.0.2"
        }
      },
      "Microsoft.AspNetCore.SignalR.Protocols.Json": {
        "type": "Transitive",
        "resolved": "8.0.7",
        "contentHash": "A7f54ujaJi1SHK3SRxg4fAp0dswnsCo1QYLDxJEdzlQF7PV4AGB0h8NhrPYGmV9AVXg84WCoA7p9eFRkci7OQA==",
        "dependencies": {
          "Microsoft.AspNetCore.SignalR.Common": "8.0.7"
        }
      },
      "Microsoft.AspNetCore.TestHost": {
        "type": "Transitive",
        "resolved": "8.0.7",
        "contentHash": "Q+LAum9DPXAMRzZXQ8QcT1B3DiEopw1Agc8yb7wOOgNQvyoCEG2kaA3kiHWCPR+GMcvzPQ79n/em8eYaLbCcAw==",
        "dependencies": {
          "System.IO.Pipelines": "8.0.0"
        }
      },
      "Microsoft.CodeCoverage": {
        "type": "Transitive",
        "resolved": "17.10.0",
        "contentHash": "yC7oSlnR54XO5kOuHlVOKtxomNNN1BWXX8lK1G2jaPXT9sUok7kCOoA4Pgs0qyFaCtMrNsprztYMeoEGqCm4uA=="
      },
      "Microsoft.Data.Sqlite.Core": {
        "type": "Transitive",
        "resolved": "8.0.7",
        "contentHash": "3H5ht15zKtw9ma9v092kI0gjV+P45EbJPsmnkk/DNVz/yDPPVYSyCGytSatN2dZQ19ZazLg3gUzoBdsoO5V5JQ==",
        "dependencies": {
          "SQLitePCLRaw.core": "2.1.6"
        }
      },
      "Microsoft.EntityFrameworkCore": {
        "type": "Transitive",
        "resolved": "8.0.7",
        "contentHash": "UOyPNAgyzw/E4hUCurqvZxi0WWVLQAGZuntFPzkTXtvJLTqRjKvokvhv+XazAUSODLsU1DZ67GjZ4mT9d82+0g==",
        "dependencies": {
          "Microsoft.EntityFrameworkCore.Abstractions": "8.0.7",
          "Microsoft.EntityFrameworkCore.Analyzers": "8.0.7",
          "Microsoft.Extensions.Caching.Memory": "8.0.0",
          "Microsoft.Extensions.Logging": "8.0.0"
        }
      },
      "Microsoft.EntityFrameworkCore.Abstractions": {
        "type": "Transitive",
        "resolved": "8.0.7",
        "contentHash": "DHX6nxcg4/tpWfTjAleKrXveDiNFY/OGOK6nm27GipUXNI2Uofev9cH5SYXmtGIgHWxlvfn754TXN4WnrixOwg=="
      },
      "Microsoft.EntityFrameworkCore.Analyzers": {
        "type": "Transitive",
        "resolved": "8.0.7",
        "contentHash": "nerD0vEOYJVhVapamRVH9DrUYbDNMJ5bPfWze4SibDDaDaekzgwQqBht97/tV+8pgdKoPAXmtiJsB+lDajwVrQ=="
      },
      "Microsoft.EntityFrameworkCore.Relational": {
        "type": "Transitive",
        "resolved": "8.0.7",
        "contentHash": "Hn86yScnW+VXb+A2LGrVGkGmjsQ9KLWR0T8GQBEcESWk8u9JYhBiRtdxz76Aq0ir82Ei48sLEZTN4VE0sJ3yIg==",
        "dependencies": {
          "Microsoft.EntityFrameworkCore": "8.0.7",
          "Microsoft.Extensions.Configuration.Abstractions": "8.0.0"
        }
      },
      "Microsoft.EntityFrameworkCore.Sqlite": {
        "type": "Transitive",
        "resolved": "8.0.7",
        "contentHash": "odTJtx/J7/EyPtg+pGfDbuEZJaODH+yG7R4mkmnhrHYwJPtzSzPue1xl4jBjxwEVVWd/qdBP5z/E+8dAnW9hGQ==",
        "dependencies": {
          "Microsoft.EntityFrameworkCore.Sqlite.Core": "8.0.7",
          "SQLitePCLRaw.bundle_e_sqlite3": "2.1.6"
        }
      },
      "Microsoft.EntityFrameworkCore.Sqlite.Core": {
        "type": "Transitive",
        "resolved": "8.0.7",
        "contentHash": "pqjQey+EEmsLwTv4vGeSGFw4o6nGLFdEM3ii2FCjfb0YZd3+tqX4O5jNZE/2+Y9rN4QQcbsb/8Cf6NIoyuKZng==",
        "dependencies": {
          "Microsoft.Data.Sqlite.Core": "8.0.7",
          "Microsoft.EntityFrameworkCore.Relational": "8.0.7",
          "Microsoft.Extensions.DependencyModel": "8.0.1"
        }
      },
      "Microsoft.Extensions.Caching.Abstractions": {
        "type": "Transitive",
        "resolved": "8.0.0",
        "contentHash": "3KuSxeHoNYdxVYfg2IRZCThcrlJ1XJqIXkAWikCsbm5C/bCjv7G0WoKDyuR98Q+T607QT2Zl5GsbGRkENcV2yQ==",
        "dependencies": {
          "Microsoft.Extensions.Primitives": "8.0.0"
        }
      },
      "Microsoft.Extensions.Caching.Memory": {
        "type": "Transitive",
        "resolved": "8.0.0",
        "contentHash": "7pqivmrZDzo1ADPkRwjy+8jtRKWRCPag9qPI+p7sgu7Q4QreWhcvbiWXsbhP+yY8XSiDvZpu2/LWdBv7PnmOpQ==",
        "dependencies": {
          "Microsoft.Extensions.Caching.Abstractions": "8.0.0",
          "Microsoft.Extensions.DependencyInjection.Abstractions": "8.0.0",
          "Microsoft.Extensions.Logging.Abstractions": "8.0.0",
          "Microsoft.Extensions.Options": "8.0.0",
          "Microsoft.Extensions.Primitives": "8.0.0"
        }
      },
      "Microsoft.Extensions.Configuration": {
        "type": "Transitive",
        "resolved": "8.0.0",
        "contentHash": "0J/9YNXTMWSZP2p2+nvl8p71zpSwokZXZuJW+VjdErkegAnFdO1XlqtA62SJtgVYHdKu3uPxJHcMR/r35HwFBA==",
        "dependencies": {
          "Microsoft.Extensions.Configuration.Abstractions": "8.0.0",
          "Microsoft.Extensions.Primitives": "8.0.0"
        }
      },
      "Microsoft.Extensions.Configuration.Abstractions": {
        "type": "Transitive",
        "resolved": "8.0.0",
        "contentHash": "3lE/iLSutpgX1CC0NOW70FJoGARRHbyKmG7dc0klnUZ9Dd9hS6N/POPWhKhMLCEuNN5nXEY5agmlFtH562vqhQ==",
        "dependencies": {
          "Microsoft.Extensions.Primitives": "8.0.0"
        }
      },
      "Microsoft.Extensions.Configuration.Binder": {
        "type": "Transitive",
        "resolved": "8.0.2",
        "contentHash": "7IQhGK+wjyGrNsPBjJcZwWAr+Wf6D4+TwOptUt77bWtgNkiV8tDEbhFS+dDamtQFZ2X7kWG9m71iZQRj2x3zgQ==",
        "dependencies": {
          "Microsoft.Extensions.Configuration.Abstractions": "8.0.0"
        }
      },
      "Microsoft.Extensions.Configuration.CommandLine": {
        "type": "Transitive",
        "resolved": "8.0.0",
        "contentHash": "NZuZMz3Q8Z780nKX3ifV1fE7lS+6pynDHK71OfU4OZ1ItgvDOhyOC7E6z+JMZrAj63zRpwbdldYFk499t3+1dQ==",
        "dependencies": {
          "Microsoft.Extensions.Configuration": "8.0.0",
          "Microsoft.Extensions.Configuration.Abstractions": "8.0.0"
        }
      },
      "Microsoft.Extensions.Configuration.EnvironmentVariables": {
        "type": "Transitive",
        "resolved": "8.0.0",
        "contentHash": "plvZ0ZIpq+97gdPNNvhwvrEZ92kNml9hd1pe3idMA7svR0PztdzVLkoWLcRFgySYXUJc3kSM3Xw3mNFMo/bxRA==",
        "dependencies": {
          "Microsoft.Extensions.Configuration": "8.0.0",
          "Microsoft.Extensions.Configuration.Abstractions": "8.0.0"
        }
      },
      "Microsoft.Extensions.Configuration.FileExtensions": {
        "type": "Transitive",
        "resolved": "8.0.0",
        "contentHash": "McP+Lz/EKwvtCv48z0YImw+L1gi1gy5rHhNaNIY2CrjloV+XY8gydT8DjMR6zWeL13AFK+DioVpppwAuO1Gi1w==",
        "dependencies": {
          "Microsoft.Extensions.Configuration": "8.0.0",
          "Microsoft.Extensions.Configuration.Abstractions": "8.0.0",
          "Microsoft.Extensions.FileProviders.Abstractions": "8.0.0",
          "Microsoft.Extensions.FileProviders.Physical": "8.0.0",
          "Microsoft.Extensions.Primitives": "8.0.0"
        }
      },
      "Microsoft.Extensions.Configuration.Json": {
        "type": "Transitive",
        "resolved": "8.0.0",
        "contentHash": "C2wqUoh9OmRL1akaCcKSTmRU8z0kckfImG7zLNI8uyi47Lp+zd5LWAD17waPQEqCz3ioWOCrFUo+JJuoeZLOBw==",
        "dependencies": {
          "Microsoft.Extensions.Configuration": "8.0.0",
          "Microsoft.Extensions.Configuration.Abstractions": "8.0.0",
          "Microsoft.Extensions.Configuration.FileExtensions": "8.0.0",
          "Microsoft.Extensions.FileProviders.Abstractions": "8.0.0",
          "System.Text.Json": "8.0.0"
        }
      },
      "Microsoft.Extensions.Configuration.UserSecrets": {
        "type": "Transitive",
        "resolved": "8.0.0",
        "contentHash": "ihDHu2dJYQird9pl2CbdwuNDfvCZdOS0S7SPlNfhPt0B81UTT+yyZKz2pimFZGUp3AfuBRnqUCxB2SjsZKHVUw==",
        "dependencies": {
          "Microsoft.Extensions.Configuration.Abstractions": "8.0.0",
          "Microsoft.Extensions.Configuration.Json": "8.0.0",
          "Microsoft.Extensions.FileProviders.Abstractions": "8.0.0",
          "Microsoft.Extensions.FileProviders.Physical": "8.0.0"
        }
      },
      "Microsoft.Extensions.DependencyInjection": {
        "type": "Transitive",
        "resolved": "8.0.0",
        "contentHash": "V8S3bsm50ig6JSyrbcJJ8bW2b9QLGouz+G1miK3UTaOWmMtFwNNNzUf4AleyDWUmTrWMLNnFSLEQtxmxgNQnNQ==",
        "dependencies": {
          "Microsoft.Extensions.DependencyInjection.Abstractions": "8.0.0"
        }
      },
      "Microsoft.Extensions.DependencyInjection.Abstractions": {
        "type": "Transitive",
        "resolved": "8.0.1",
        "contentHash": "fGLiCRLMYd00JYpClraLjJTNKLmMJPnqxMaiRzEBIIvevlzxz33mXy39Lkd48hu1G+N21S7QpaO5ZzKsI6FRuA=="
      },
      "Microsoft.Extensions.DependencyModel": {
        "type": "Transitive",
        "resolved": "8.0.1",
        "contentHash": "5Ou6varcxLBzQ+Agfm0k0pnH7vrEITYlXMDuE6s7ZHlZHz6/G8XJ3iISZDr5rfwfge6RnXJ1+Wc479mMn52vjA==",
        "dependencies": {
          "System.Text.Encodings.Web": "8.0.0",
          "System.Text.Json": "8.0.4"
        }
      },
      "Microsoft.Extensions.Diagnostics": {
        "type": "Transitive",
        "resolved": "8.0.0",
        "contentHash": "3PZp/YSkIXrF7QK7PfC1bkyRYwqOHpWFad8Qx+4wkuumAeXo1NHaxpS9LboNA9OvNSAu+QOVlXbMyoY+pHSqcw==",
        "dependencies": {
          "Microsoft.Extensions.Configuration": "8.0.0",
          "Microsoft.Extensions.Diagnostics.Abstractions": "8.0.0",
          "Microsoft.Extensions.Options.ConfigurationExtensions": "8.0.0"
        }
      },
      "Microsoft.Extensions.Diagnostics.Abstractions": {
        "type": "Transitive",
        "resolved": "8.0.0",
        "contentHash": "JHYCQG7HmugNYUhOl368g+NMxYE/N/AiclCYRNlgCY9eVyiBkOHMwK4x60RYMxv9EL3+rmj1mqHvdCiPpC+D4Q==",
        "dependencies": {
          "Microsoft.Extensions.DependencyInjection.Abstractions": "8.0.0",
          "Microsoft.Extensions.Options": "8.0.0",
          "System.Diagnostics.DiagnosticSource": "8.0.0"
        }
      },
      "Microsoft.Extensions.Features": {
        "type": "Transitive",
        "resolved": "8.0.7",
        "contentHash": "807p0VEIqDArkcAtfNGjFA565pGphcdR6a8nqD0+0A7e/dvODc7T7DsumKr/hGQ55AyH4nETxsNIP1aNVBH1ag=="
      },
      "Microsoft.Extensions.FileProviders.Abstractions": {
        "type": "Transitive",
        "resolved": "8.0.0",
        "contentHash": "ZbaMlhJlpisjuWbvXr4LdAst/1XxH3vZ6A0BsgTphZ2L4PGuxRLz7Jr/S7mkAAnOn78Vu0fKhEgNF5JO3zfjqQ==",
        "dependencies": {
          "Microsoft.Extensions.Primitives": "8.0.0"
        }
      },
      "Microsoft.Extensions.FileProviders.Physical": {
        "type": "Transitive",
        "resolved": "8.0.0",
        "contentHash": "UboiXxpPUpwulHvIAVE36Knq0VSHaAmfrFkegLyBZeaADuKezJ/AIXYAW8F5GBlGk/VaibN2k/Zn1ca8YAfVdA==",
        "dependencies": {
          "Microsoft.Extensions.FileProviders.Abstractions": "8.0.0",
          "Microsoft.Extensions.FileSystemGlobbing": "8.0.0",
          "Microsoft.Extensions.Primitives": "8.0.0"
        }
      },
      "Microsoft.Extensions.FileSystemGlobbing": {
        "type": "Transitive",
        "resolved": "8.0.0",
        "contentHash": "OK+670i7esqlQrPjdIKRbsyMCe9g5kSLpRRQGSr4Q58AOYEe/hCnfLZprh7viNisSUUQZmMrbbuDaIrP+V1ebQ=="
      },
      "Microsoft.Extensions.Hosting": {
        "type": "Transitive",
        "resolved": "8.0.0",
        "contentHash": "ItYHpdqVp5/oFLT5QqbopnkKlyFG9EW/9nhM6/yfObeKt6Su0wkBio6AizgRHGNwhJuAtlE5VIjow5JOTrip6w==",
        "dependencies": {
          "Microsoft.Extensions.Configuration": "8.0.0",
          "Microsoft.Extensions.Configuration.Abstractions": "8.0.0",
          "Microsoft.Extensions.Configuration.Binder": "8.0.0",
          "Microsoft.Extensions.Configuration.CommandLine": "8.0.0",
          "Microsoft.Extensions.Configuration.EnvironmentVariables": "8.0.0",
          "Microsoft.Extensions.Configuration.FileExtensions": "8.0.0",
          "Microsoft.Extensions.Configuration.Json": "8.0.0",
          "Microsoft.Extensions.Configuration.UserSecrets": "8.0.0",
          "Microsoft.Extensions.DependencyInjection": "8.0.0",
          "Microsoft.Extensions.DependencyInjection.Abstractions": "8.0.0",
          "Microsoft.Extensions.Diagnostics": "8.0.0",
          "Microsoft.Extensions.FileProviders.Abstractions": "8.0.0",
          "Microsoft.Extensions.FileProviders.Physical": "8.0.0",
          "Microsoft.Extensions.Hosting.Abstractions": "8.0.0",
          "Microsoft.Extensions.Logging": "8.0.0",
          "Microsoft.Extensions.Logging.Abstractions": "8.0.0",
          "Microsoft.Extensions.Logging.Configuration": "8.0.0",
          "Microsoft.Extensions.Logging.Console": "8.0.0",
          "Microsoft.Extensions.Logging.Debug": "8.0.0",
          "Microsoft.Extensions.Logging.EventLog": "8.0.0",
          "Microsoft.Extensions.Logging.EventSource": "8.0.0",
          "Microsoft.Extensions.Options": "8.0.0"
        }
      },
      "Microsoft.Extensions.Hosting.Abstractions": {
        "type": "Transitive",
        "resolved": "8.0.0",
        "contentHash": "AG7HWwVRdCHlaA++1oKDxLsXIBxmDpMPb3VoyOoAghEWnkUvEAdYQUwnV4jJbAaa/nMYNiEh5ByoLauZBEiovg==",
        "dependencies": {
          "Microsoft.Extensions.Configuration.Abstractions": "8.0.0",
          "Microsoft.Extensions.DependencyInjection.Abstractions": "8.0.0",
          "Microsoft.Extensions.Diagnostics.Abstractions": "8.0.0",
          "Microsoft.Extensions.FileProviders.Abstractions": "8.0.0",
          "Microsoft.Extensions.Logging.Abstractions": "8.0.0"
        }
      },
      "Microsoft.Extensions.Hosting.Systemd": {
        "type": "Transitive",
        "resolved": "8.0.0",
        "contentHash": "z69pnSzenLkMYqho8lcNtu2RoEBFucBgCWaBkgWraGNGGMD42L3VRDq8qrEBB/gNdtcPCFKZdfyaXLAaH2T0+g==",
        "dependencies": {
          "Microsoft.Extensions.Hosting": "8.0.0"
        }
      },
      "Microsoft.Extensions.Logging": {
        "type": "Transitive",
        "resolved": "8.0.0",
        "contentHash": "tvRkov9tAJ3xP51LCv3FJ2zINmv1P8Hi8lhhtcKGqM+ImiTCC84uOPEI4z8Cdq2C3o9e+Aa0Gw0rmrsJD77W+w==",
        "dependencies": {
          "Microsoft.Extensions.DependencyInjection": "8.0.0",
          "Microsoft.Extensions.Logging.Abstractions": "8.0.0",
          "Microsoft.Extensions.Options": "8.0.0"
        }
      },
      "Microsoft.Extensions.Logging.Abstractions": {
        "type": "Transitive",
        "resolved": "8.0.1",
        "contentHash": "RIFgaqoaINxkM2KTOw72dmilDmTrYA0ns2KW4lDz4gZ2+o6IQ894CzmdL3StM2oh7QQq44nCWiqKqc4qUI9Jmg==",
        "dependencies": {
          "Microsoft.Extensions.DependencyInjection.Abstractions": "8.0.1"
        }
      },
      "Microsoft.Extensions.Logging.Configuration": {
        "type": "Transitive",
        "resolved": "8.0.0",
        "contentHash": "ixXXV0G/12g6MXK65TLngYN9V5hQQRuV+fZi882WIoVJT7h5JvoYoxTEwCgdqwLjSneqh1O+66gM8sMr9z/rsQ==",
        "dependencies": {
          "Microsoft.Extensions.Configuration": "8.0.0",
          "Microsoft.Extensions.Configuration.Abstractions": "8.0.0",
          "Microsoft.Extensions.Configuration.Binder": "8.0.0",
          "Microsoft.Extensions.DependencyInjection.Abstractions": "8.0.0",
          "Microsoft.Extensions.Logging": "8.0.0",
          "Microsoft.Extensions.Logging.Abstractions": "8.0.0",
          "Microsoft.Extensions.Options": "8.0.0",
          "Microsoft.Extensions.Options.ConfigurationExtensions": "8.0.0"
        }
      },
      "Microsoft.Extensions.Logging.Console": {
        "type": "Transitive",
        "resolved": "8.0.0",
        "contentHash": "e+48o7DztoYog+PY430lPxrM4mm3PbA6qucvQtUDDwVo4MO+ejMw7YGc/o2rnxbxj4isPxdfKFzTxvXMwAz83A==",
        "dependencies": {
          "Microsoft.Extensions.DependencyInjection.Abstractions": "8.0.0",
          "Microsoft.Extensions.Logging": "8.0.0",
          "Microsoft.Extensions.Logging.Abstractions": "8.0.0",
          "Microsoft.Extensions.Logging.Configuration": "8.0.0",
          "Microsoft.Extensions.Options": "8.0.0",
          "System.Text.Json": "8.0.0"
        }
      },
      "Microsoft.Extensions.Logging.Debug": {
        "type": "Transitive",
        "resolved": "8.0.0",
        "contentHash": "dt0x21qBdudHLW/bjMJpkixv858RRr8eSomgVbU8qljOyfrfDGi1JQvpF9w8S7ziRPtRKisuWaOwFxJM82GxeA==",
        "dependencies": {
          "Microsoft.Extensions.DependencyInjection.Abstractions": "8.0.0",
          "Microsoft.Extensions.Logging": "8.0.0",
          "Microsoft.Extensions.Logging.Abstractions": "8.0.0"
        }
      },
      "Microsoft.Extensions.Logging.EventLog": {
        "type": "Transitive",
        "resolved": "8.0.0",
        "contentHash": "3X9D3sl7EmOu7vQp5MJrmIJBl5XSdOhZPYXUeFfYa6Nnm9+tok8x3t3IVPLhm7UJtPOU61ohFchw8rNm9tIYOQ==",
        "dependencies": {
          "Microsoft.Extensions.DependencyInjection.Abstractions": "8.0.0",
          "Microsoft.Extensions.Logging": "8.0.0",
          "Microsoft.Extensions.Logging.Abstractions": "8.0.0",
          "Microsoft.Extensions.Options": "8.0.0",
          "System.Diagnostics.EventLog": "8.0.0"
        }
      },
      "Microsoft.Extensions.Logging.EventSource": {
        "type": "Transitive",
        "resolved": "8.0.0",
        "contentHash": "oKcPMrw+luz2DUAKhwFXrmFikZWnyc8l2RKoQwqU3KIZZjcfoJE0zRHAnqATfhRZhtcbjl/QkiY2Xjxp0xu+6w==",
        "dependencies": {
          "Microsoft.Extensions.DependencyInjection.Abstractions": "8.0.0",
          "Microsoft.Extensions.Logging": "8.0.0",
          "Microsoft.Extensions.Logging.Abstractions": "8.0.0",
          "Microsoft.Extensions.Options": "8.0.0",
          "Microsoft.Extensions.Primitives": "8.0.0",
          "System.Text.Json": "8.0.0"
        }
      },
      "Microsoft.Extensions.Options": {
        "type": "Transitive",
        "resolved": "8.0.2",
        "contentHash": "dWGKvhFybsaZpGmzkGCbNNwBD1rVlWzrZKANLW/CcbFJpCEceMCGzT7zZwHOGBCbwM0SzBuceMj5HN1LKV1QqA==",
        "dependencies": {
          "Microsoft.Extensions.DependencyInjection.Abstractions": "8.0.0",
          "Microsoft.Extensions.Primitives": "8.0.0"
        }
      },
      "Microsoft.Extensions.Options.ConfigurationExtensions": {
        "type": "Transitive",
        "resolved": "8.0.0",
        "contentHash": "0f4DMRqEd50zQh+UyJc+/HiBsZ3vhAQALgdkcQEalSH1L2isdC7Yj54M3cyo5e+BeO5fcBQ7Dxly8XiBBcvRgw==",
        "dependencies": {
          "Microsoft.Extensions.Configuration.Abstractions": "8.0.0",
          "Microsoft.Extensions.Configuration.Binder": "8.0.0",
          "Microsoft.Extensions.DependencyInjection.Abstractions": "8.0.0",
          "Microsoft.Extensions.Options": "8.0.0",
          "Microsoft.Extensions.Primitives": "8.0.0"
        }
      },
      "Microsoft.Extensions.Primitives": {
        "type": "Transitive",
        "resolved": "8.0.0",
        "contentHash": "bXJEZrW9ny8vjMF1JV253WeLhpEVzFo1lyaZu1vQ4ZxWUlVvknZ/+ftFgVheLubb4eZPSwwxBeqS1JkCOjxd8g=="
      },
      "Microsoft.JSInterop": {
        "type": "Transitive",
        "resolved": "8.0.7",
        "contentHash": "/QgX3PeZeZwtE8mZoikQdKGhqjbWPDTlD53aHVxDTfZuzsCj9mK1Uogkj199Kj15zEPsQP40pY6+G5ppXAelpA=="
      },
      "Microsoft.JSInterop.WebAssembly": {
        "type": "Transitive",
        "resolved": "8.0.7",
        "contentHash": "v4WCFuCvGo0ZnMJXGHunD/FJ31zrGKiSS9Q6d0R4a5FCKx9U2n+foHXJFR+RLaTz7g1wKloIx2UXQg02Mmz/mA==",
        "dependencies": {
          "Microsoft.JSInterop": "8.0.7"
        }
      },
      "Microsoft.TestPlatform.ObjectModel": {
        "type": "Transitive",
        "resolved": "17.10.0",
        "contentHash": "KkwhjQevuDj0aBRoPLY6OLAhGqbPUEBuKLbaCs0kUVw29qiOYncdORd4mLVJbn9vGZ7/iFGQ/+AoJl0Tu5Umdg==",
        "dependencies": {
          "System.Reflection.Metadata": "1.6.0"
        }
      },
      "Microsoft.TestPlatform.TestHost": {
        "type": "Transitive",
        "resolved": "17.10.0",
        "contentHash": "LWpMdfqhHvcUkeMCvNYJO8QlPLlYz9XPPb+ZbaXIKhdmjAV0wqTSrTiW5FLaf7RRZT50AQADDOYMOe0HxDxNgA==",
        "dependencies": {
          "Microsoft.TestPlatform.ObjectModel": "17.10.0",
          "Newtonsoft.Json": "13.0.1"
        }
      },
      "NetVips": {
        "type": "Transitive",
        "resolved": "2.4.1",
        "contentHash": "etzrfxbWJy44gerkmE/BjHAv/L7h3GwO9waYBMk2BBrDQEcsA2YZivUnyvkU26LkbNrrsf+/M2cXaf1V/z4rGw==",
        "dependencies": {
          "System.Buffers": "4.5.1"
        }
      },
      "NetVips.Native": {
        "type": "Transitive",
        "resolved": "8.15.2",
        "contentHash": "zBFZvUZ7ijBxO3Hi8K9p4L/uTbHZvwqv3Yl+XRheMTLpIHOxOBuc3vooqWtfhlgBmmawvsuyffNKFwilLePlag==",
        "dependencies": {
          "NetVips.Native.linux-arm": "8.15.2",
          "NetVips.Native.linux-arm64": "8.15.2",
          "NetVips.Native.linux-musl-arm64": "8.15.2",
          "NetVips.Native.linux-musl-x64": "8.15.2",
          "NetVips.Native.linux-x64": "8.15.2",
          "NetVips.Native.osx-arm64": "8.15.2",
          "NetVips.Native.osx-x64": "8.15.2",
          "NetVips.Native.win-arm64": "8.15.2",
          "NetVips.Native.win-x64": "8.15.2",
          "NetVips.Native.win-x86": "8.15.2"
        }
      },
      "NetVips.Native.linux-arm": {
        "type": "Transitive",
        "resolved": "8.15.2",
        "contentHash": "RpaligEDAsUPOVlNIPNAt0On94wktDCeMYsX5eiHKzh5yAN4IGpmKJ7gzzIiyPgitDsYhPLozNNRFKO6ZpODVA=="
      },
      "NetVips.Native.linux-arm64": {
        "type": "Transitive",
        "resolved": "8.15.2",
        "contentHash": "q/SAsnr7upQW9do1kdn57zgUlnVkAaU3Ey6xbUBzPf+cI4/bVHUszLgqMa6fBQTayDepqYyXXxf/ONkaIFOz6A=="
      },
      "NetVips.Native.linux-musl-arm64": {
        "type": "Transitive",
        "resolved": "8.15.2",
        "contentHash": "JElClMgyngihGxKqkVWQqqLrs3rU/kfFYi5ZjrizkdTZ1Mgh00NsgvrwHZvYNKaekttH/sKfiVHIysbMejL2rw=="
      },
      "NetVips.Native.linux-musl-x64": {
        "type": "Transitive",
        "resolved": "8.15.2",
        "contentHash": "2+HJuhi10wCbPPkmoR2NG4ZD9PKyyIh4nVbEE6omnpghnUs+Tjx14CZIx1kySMjx7nXDOwrOvvlntrj2lTZDZQ=="
      },
      "NetVips.Native.linux-x64": {
        "type": "Transitive",
        "resolved": "8.15.2",
        "contentHash": "tMxeHMxoSv2zmdTv1VdGDmg+HpcMLRygtP0ZExhearuO/1UjrE/a54F8NWpMpt8WLZJgaBseKTwrPkkiKFZ+1g=="
      },
      "NetVips.Native.osx-arm64": {
        "type": "Transitive",
        "resolved": "8.15.2",
        "contentHash": "W707QoRVR75h5NcsDn9Tyx62eUkpwhaKE5gJW9Mp4jDfW7frZtbKfrW66Vdb8O+xV9sclRPUaTcKraVXHj1T6Q=="
      },
      "NetVips.Native.osx-x64": {
        "type": "Transitive",
        "resolved": "8.15.2",
        "contentHash": "rEpYdpoeKK8szdo0fgOdepIBVK95St4AUAbLx/LwaxcSWTLsSgvOCUAWmYx1WOebcsZ5qQsFcPStg7C4H+8sew=="
      },
      "NetVips.Native.win-arm64": {
        "type": "Transitive",
        "resolved": "8.15.2",
        "contentHash": "DacbD0N2g6/Rda0kEHd560nCOzMaWU6tF2XqSHnJzA9IxN1rA+Fxk07IUdmB8cftqq+VP1tF4Y6qlR/xYkfb6Q=="
      },
      "NetVips.Native.win-x64": {
        "type": "Transitive",
        "resolved": "8.15.2",
        "contentHash": "54DbCLOFhFJbr/bY+lVl1K3QbH38g5LwENqTN7FMTmCPP9qhE1Z71KniZ8ZKqrtKLcL3OOQS6bnhIbLEypkKXA=="
      },
      "NetVips.Native.win-x86": {
        "type": "Transitive",
        "resolved": "8.15.2",
        "contentHash": "87StziGLeVblEWbpH0MS9E3NaeyAc/JcAEFjqF03Pfe8PgBm9dE4Ud0gJc7qTrR+5oYE0BOG9l8EzF3/g1OnFQ=="
      },
      "Newtonsoft.Json": {
        "type": "Transitive",
        "resolved": "13.0.1",
        "contentHash": "ppPFpBcvxdsfUonNcvITKqLl3bqxWbDCZIzDWHzjpdAHRFfZe0Dw9HmA0+za13IdyrgJwpkDTDA9fHaxOrt20A=="
      },
      "NSubstitute": {
        "type": "Transitive",
        "resolved": "5.1.0",
        "contentHash": "ZCqOP3Kpp2ea7QcLyjMU4wzE+0wmrMN35PQMsdPOHYc2IrvjmusG9hICOiqiOTPKN0gJon6wyCn6ZuGHdNs9hQ==",
        "dependencies": {
          "Castle.Core": "5.1.1"
        }
      },
      "runtime.linux-arm.runtime.native.System.IO.Ports": {
        "type": "Transitive",
        "resolved": "8.0.0",
        "contentHash": "gK720fg6HemDg8sXcfy+xCMZ9+hF78Gc7BmREbmkS4noqlu1BAr9qZtuWGhLzFjBfgecmdtl4+SYVwJ1VneZBQ=="
      },
      "runtime.linux-arm64.runtime.native.System.IO.Ports": {
        "type": "Transitive",
        "resolved": "8.0.0",
        "contentHash": "KYG6/3ojhEWbb3FwQAKgGWPHrY+HKUXXdVjJlrtyCLn3EMcNTaNcPadb2c0ndQzixZSmAxZKopXJr0nLwhOrpQ=="
      },
      "runtime.linux-x64.runtime.native.System.IO.Ports": {
        "type": "Transitive",
        "resolved": "8.0.0",
        "contentHash": "Wnw5vhA4mgGbIFoo6l9Fk3iEcwRSq49a1aKwJgXUCUtEQLCSUDjTGSxqy/oMUuOyyn7uLHsH8KgZzQ1y3lReiQ=="
      },
      "runtime.native.System.IO.Ports": {
        "type": "Transitive",
        "resolved": "8.0.0",
        "contentHash": "Ee7Sz5llLpTgyKIWzKI/GeuRSbFkOABgJRY00SqTY0OkTYtkB+9l5rFZfE7fxPA3c22RfytCBYkUdAkcmwMjQg==",
        "dependencies": {
          "runtime.linux-arm.runtime.native.System.IO.Ports": "8.0.0",
          "runtime.linux-arm64.runtime.native.System.IO.Ports": "8.0.0",
          "runtime.linux-x64.runtime.native.System.IO.Ports": "8.0.0",
          "runtime.osx-arm64.runtime.native.System.IO.Ports": "8.0.0",
          "runtime.osx-x64.runtime.native.System.IO.Ports": "8.0.0"
        }
      },
      "runtime.osx-arm64.runtime.native.System.IO.Ports": {
        "type": "Transitive",
        "resolved": "8.0.0",
        "contentHash": "rbUBLAaFW9oVkbsb0+XSrAo2QdhBeAyzLl5KQ6Oci9L/u626uXGKInsVJG6B9Z5EO8bmplC8tsMiaHK8wOBZ+w=="
      },
      "runtime.osx-x64.runtime.native.System.IO.Ports": {
        "type": "Transitive",
        "resolved": "8.0.0",
        "contentHash": "IcfB4jKtM9pkzP9OpYelEcUX1MiDt0IJPBh3XYYdEISFF+6Mc+T8WWi0dr9wVh1gtcdVjubVEIBgB8BHESlGfQ=="
      },
      "SQLitePCLRaw.bundle_e_sqlite3": {
        "type": "Transitive",
        "resolved": "2.1.6",
        "contentHash": "BmAf6XWt4TqtowmiWe4/5rRot6GerAeklmOPfviOvwLoF5WwgxcJHAxZtySuyW9r9w+HLILnm8VfJFLCUJYW8A==",
        "dependencies": {
          "SQLitePCLRaw.lib.e_sqlite3": "2.1.6",
          "SQLitePCLRaw.provider.e_sqlite3": "2.1.6"
        }
      },
      "SQLitePCLRaw.core": {
        "type": "Transitive",
        "resolved": "2.1.6",
        "contentHash": "wO6v9GeMx9CUngAet8hbO7xdm+M42p1XeJq47ogyRoYSvNSp0NGLI+MgC0bhrMk9C17MTVFlLiN6ylyExLCc5w==",
        "dependencies": {
          "System.Memory": "4.5.3"
        }
      },
      "SQLitePCLRaw.lib.e_sqlite3": {
        "type": "Transitive",
        "resolved": "2.1.6",
        "contentHash": "2ObJJLkIUIxRpOUlZNGuD4rICpBnrBR5anjyfUFQep4hMOIeqW+XGQYzrNmHSVz5xSWZ3klSbh7sFR6UyDj68Q=="
      },
      "SQLitePCLRaw.provider.e_sqlite3": {
        "type": "Transitive",
        "resolved": "2.1.6",
        "contentHash": "PQ2Oq3yepLY4P7ll145P3xtx2bX8xF4PzaKPRpw9jZlKvfe4LE/saAV82inND9usn1XRpmxXk7Lal3MTI+6CNg==",
        "dependencies": {
          "SQLitePCLRaw.core": "2.1.6"
        }
      },
      "System.Buffers": {
        "type": "Transitive",
        "resolved": "4.5.1",
        "contentHash": "Rw7ijyl1qqRS0YQD/WycNst8hUUMgrMH4FCn1nNm27M4VxchZ1js3fVjQaANHO5f3sN4isvP4a+Met9Y4YomAg=="
      },
      "System.Configuration.ConfigurationManager": {
        "type": "Transitive",
        "resolved": "4.4.0",
        "contentHash": "gWwQv/Ug1qWJmHCmN17nAbxJYmQBM/E94QxKLksvUiiKB1Ld3Sc/eK1lgmbSjDFxkQhVuayI/cGFZhpBSodLrg==",
        "dependencies": {
          "System.Security.Cryptography.ProtectedData": "4.4.0"
        }
      },
      "System.Diagnostics.DiagnosticSource": {
        "type": "Transitive",
        "resolved": "8.0.0",
        "contentHash": "c9xLpVz6PL9lp/djOWtk5KPDZq3cSYpmXoJQY524EOtuFl5z9ZtsotpsyrDW40U1DRnQSYvcPKEUV0X//u6gkQ=="
      },
      "System.Diagnostics.EventLog": {
        "type": "Transitive",
        "resolved": "8.0.0",
        "contentHash": "fdYxcRjQqTTacKId/2IECojlDSFvp7LP5N78+0z/xH7v/Tuw5ZAxu23Y6PTCRinqyu2ePx+Gn1098NC6jM6d+A=="
      },
      "System.IO.Pipelines": {
        "type": "Transitive",
        "resolved": "8.0.0",
        "contentHash": "FHNOatmUq0sqJOkTx+UF/9YK1f180cnW5FVqnQMvYUN0elp6wFzbtPSiqbo1/ru8ICp43JM1i7kKkk6GsNGHlA=="
      },
      "System.IO.Ports": {
        "type": "Transitive",
        "resolved": "8.0.0",
        "contentHash": "MaiPbx2/QXZc62gm/DrajRrGPG1lU4m08GWMoWiymPYM+ba4kfACp2PbiYpqJ4QiFGhHD00zX3RoVDTucjWe9g==",
        "dependencies": {
          "runtime.native.System.IO.Ports": "8.0.0"
        }
      },
      "System.Memory": {
        "type": "Transitive",
        "resolved": "4.5.3",
        "contentHash": "3oDzvc/zzetpTKWMShs1AADwZjQ/36HnsufHRPcOjyRAAMLDlu2iD33MBI2opxnezcVUtXyqDXXjoFMOU9c7SA=="
      },
      "System.Reflection.Metadata": {
        "type": "Transitive",
        "resolved": "1.6.0",
        "contentHash": "COC1aiAJjCoA5GBF+QKL2uLqEBew4JsCkQmoHKbN3TlOZKa2fKLz5CpiRQKDz0RsAOEGsVKqOD5bomsXq/4STQ=="
      },
      "System.Security.Cryptography.ProtectedData": {
        "type": "Transitive",
        "resolved": "4.4.0",
        "contentHash": "cJV7ScGW7EhatRsjehfvvYVBvtiSMKgN8bOVI0bQhnF5bU7vnHVIsH49Kva7i7GWaWYvmEzkYVk1TC+gZYBEog=="
      },
      "System.Text.Encodings.Web": {
        "type": "Transitive",
        "resolved": "8.0.0",
        "contentHash": "yev/k9GHAEGx2Rg3/tU6MQh4HGBXJs70y7j1LaM1i/ER9po+6nnQ6RRqTJn1E7Xu0fbIFK80Nh5EoODxrbxwBQ=="
      },
      "System.Text.Json": {
        "type": "Transitive",
        "resolved": "8.0.4",
        "contentHash": "bAkhgDJ88XTsqczoxEMliSrpijKZHhbJQldhAmObj/RbrN3sU5dcokuXmWJWsdQAhiMJ9bTayWsL1C9fbbCRhw==",
        "dependencies": {
          "System.Text.Encodings.Web": "8.0.0"
        }
      },
      "System.Threading.Channels": {
        "type": "Transitive",
        "resolved": "8.0.0",
        "contentHash": "CMaFr7v+57RW7uZfZkPExsPB6ljwzhjACWW1gfU35Y56rk72B/Wu+sTqxVmGSk4SFUlPc3cjeKND0zktziyjBA=="
      },
      "System.Threading.Tasks.Extensions": {
        "type": "Transitive",
        "resolved": "4.5.4",
        "contentHash": "zteT+G8xuGu6mS+mzDzYXbzS7rd3K6Fjb9RiZlYlJPam2/hU7JCBZBVEcywNuR+oZ1ncTvc/cq0faRr3P01OVg=="
      },
      "taustellwerk.base": {
        "type": "Project",
        "dependencies": {
          "FluentResults": "[3.16.0, )",
          "JetBrains.Annotations": "[2024.2.0, )",
          "TauStellwerk.Util": "[1.0.0, )"
        }
      },
      "taustellwerk.client": {
        "type": "Project",
        "dependencies": {
          "CommunityToolkit.Mvvm": "[8.2.2, )",
          "JetBrains.Annotations": "[2024.2.0, )",
          "Microsoft.AspNetCore.SignalR.Client": "[8.0.7, )",
          "TauStellwerk.Base": "[1.0.0, )",
          "TauStellwerk.Util": "[1.0.0, )"
        }
      },
      "taustellwerk.commandstations": {
        "type": "Project",
        "dependencies": {
          "FluentResults": "[3.16.0, )",
          "JetBrains.Annotations": "[2024.2.0, )",
          "NSubstitute": "[5.1.0, )",
          "System.IO.Ports": "[8.0.0, )",
          "TauStellwerk.Base": "[1.0.0, )",
          "TauStellwerk.Data": "[1.0.0, )",
          "TauStellwerk.Util": "[1.0.0, )"
        }
      },
      "taustellwerk.data": {
        "type": "Project",
        "dependencies": {
          "FluentResults": "[3.16.0, )",
          "JetBrains.Annotations": "[2024.2.0, )",
          "Microsoft.EntityFrameworkCore": "[8.0.7, )",
          "Microsoft.EntityFrameworkCore.Analyzers": "[8.0.7, )",
          "Microsoft.EntityFrameworkCore.Sqlite": "[8.0.7, )",
          "NetVips": "[2.4.1, )",
          "NetVips.Native": "[8.15.2, )",
          "TauStellwerk.Base": "[1.0.0, )",
          "TauStellwerk.Util": "[1.0.0, )"
        }
      },
      "taustellwerk.server": {
        "type": "Project",
        "dependencies": {
          "JetBrains.Annotations": "[2024.2.0, )",
          "Microsoft.AspNetCore.Components.WebAssembly.Server": "[8.0.7, )",
          "Microsoft.EntityFrameworkCore": "[8.0.7, )",
          "Microsoft.EntityFrameworkCore.Analyzers": "[8.0.7, )",
          "Microsoft.EntityFrameworkCore.Sqlite": "[8.0.7, )",
          "Microsoft.Extensions.Hosting.Systemd": "[8.0.0, )",
          "System.IO.Ports": "[8.0.0, )",
          "TauStellwerk.CommandStations": "[1.0.0, )",
          "TauStellwerk.Data": "[1.0.0, )",
          "TauStellwerk.Util": "[1.0.0, )",
          "TauStellwerk.WebClient": "[1.0.0, )"
        }
      },
      "taustellwerk.tools": {
        "type": "Project",
        "dependencies": {
          "CommandLineParser": "[2.9.1, )",
          "JetBrains.Annotations": "[2024.2.0, )",
          "TauStellwerk.Base": "[1.0.0, )",
          "TauStellwerk.Client": "[1.0.0, )",
          "TauStellwerk.Server": "[1.0.0, )",
          "TauStellwerk.Util": "[1.0.0, )"
        }
      },
      "taustellwerk.util": {
        "type": "Project",
        "dependencies": {
          "JetBrains.Annotations": "[2024.2.0, )"
        }
      },
      "taustellwerk.webclient": {
        "type": "Project",
        "dependencies": {
          "Microsoft.AspNetCore.Components.WebAssembly": "[8.0.7, )",
          "TauStellwerk.Client": "[1.0.0, )",
          "TauStellwerk.Util": "[1.0.0, )"
        }
      }
    }
  }
}