{
  "version": 1,
  "dependencies": {
    "net8.0": {
      "FluentResults": {
        "type": "Direct",
        "requested": "[3.16.0, )",
        "resolved": "3.16.0",
        "contentHash": "VWacGzOyN9k7LOKqiNLnFvqTDLbFvepHlINdM3pPTD0YWI+a+VW/Q9gcx4gmJDpDZ32cAsczz5vmRjLCL5UOhA==",
        "dependencies": {
          "Microsoft.Extensions.Logging.Abstractions": "2.1.1",
          "System.Threading.Tasks.Extensions": "4.5.4"
        }
      },
      "JetBrains.Annotations": {
        "type": "Direct",
        "requested": "[2024.2.0, )",
        "resolved": "2024.2.0",
        "contentHash": "GNnqCFW/163p1fOehKx0CnAqjmpPrUSqrgfHM6qca+P+RN39C9rhlfZHQpJhxmQG/dkOYe/b3Z0P8b6Kv5m1qw=="
      },
      "Nerdbank.GitVersioning": {
        "type": "Direct",
        "requested": "[3.6.141, )",
        "resolved": "3.6.141",
        "contentHash": "A2+obbz6Xl6nHdDDMiqHCrn6Lktrs/pLq4BIQXDUD2O2gd5fz2WobQyX30Kp0mPPXjEOgBA1r5s6iYVurTkUig=="
      },
      "Microsoft.Extensions.Logging.Abstractions": {
        "type": "Transitive",
        "resolved": "2.1.1",
        "contentHash": "XRzK7ZF+O6FzdfWrlFTi1Rgj2080ZDsd46vzOjadHUB0Cz5kOvDG8vI7caa5YFrsHQpcfn0DxtjS4E46N4FZsA=="
      },
      "System.Threading.Tasks.Extensions": {
        "type": "Transitive",
        "resolved": "4.5.4",
        "contentHash": "zteT+G8xuGu6mS+mzDzYXbzS7rd3K6Fjb9RiZlYlJPam2/hU7JCBZBVEcywNuR+oZ1ncTvc/cq0faRr3P01OVg=="
      },
      "taustellwerk.util": {
        "type": "Project",
        "dependencies": {
          "JetBrains.Annotations": "[2024.2.0, )"
        }
      }
    }
  }
}